
Microsoft Visual Studio Solution File, Format Version 12.00
# Visual Studio 2013
VisualStudioVersion = 12.0.31101.0
MinimumVisualStudioVersion = 10.0.40219.1
Project("{8BC9CEB8-8B4A-11D0-8D11-00A0C91BC942}") = "app", "..\..\appseed\app\app.vcxproj", "{B2A3AD3B-1026-4D24-A527-2E1B38324184}"
	ProjectSection(ProjectDependencies) = postProject
		{4D7D3626-ADA6-4CA2-9566-ED7B131E3D51} = {4D7D3626-ADA6-4CA2-9566-ED7B131E3D51}
		{E000FFAF-392F-4E32-BF51-FD7ED638991F} = {E000FFAF-392F-4E32-BF51-FD7ED638991F}
		{03E5B8E7-9E3B-44DD-9EDE-E0A74D52C1C5} = {03E5B8E7-9E3B-44DD-9EDE-E0A74D52C1C5}
	EndProjectSection
EndProject
Project("{8BC9CEB8-8B4A-11D0-8D11-00A0C91BC942}") = "app_core_hellomultiverse", "..\..\..\app-core\appseed\hellomultiverse\and_hellomultiverse.vcxproj", "{C7AFCEFA-3079-4B23-8F97-4543BB980265}"
EndProject
Project("{8BC9CEB8-8B4A-11D0-8D11-00A0C91BC942}") = "atomiconv", "..\..\..\app\atom\iconv\and_atomiconv.vcxproj", "{7CFB99A0-47A8-4485-BEFF-3D0104D66509}"
EndProject
Project("{8BC9CEB8-8B4A-11D0-8D11-00A0C91BC942}") = "aqua", "..\..\..\app\appseed\aqua\and_aqua.vcxproj", "{51778453-C0AA-419D-A87F-4338C9DDE3FA}"
EndProject
Project("{8BC9CEB8-8B4A-11D0-8D11-00A0C91BC942}") = "aura", "..\..\..\app\appseed\aura\and_aura.vcxproj", "{03E5B8E7-9E3B-44DD-9EDE-E0A74D52C1C5}"
	ProjectSection(ProjectDependencies) = postProject
		{7CFB99A0-47A8-4485-BEFF-3D0104D66509} = {7CFB99A0-47A8-4485-BEFF-3D0104D66509}
	EndProjectSection
EndProject
Project("{8BC9CEB8-8B4A-11D0-8D11-00A0C91BC942}") = "auracharguess", "..\..\..\app\aura\charguess\and_auracharguess.vcxproj", "{AC6A52B4-C049-439C-88FF-5A262D968C8F}"
EndProject
Project("{8BC9CEB8-8B4A-11D0-8D11-00A0C91BC942}") = "aurasqlite", "..\..\..\app\aura\sqlite\and_aurasqlite.vcxproj", "{424F72D6-053A-41C5-BE03-3B0BD535F1EB}"
EndProject
Project("{8BC9CEB8-8B4A-11D0-8D11-00A0C91BC942}") = "axisbzip2", "..\..\..\app\axis\bzip2\and_axisbzip2.vcxproj", "{A5A649E1-D516-4F29-A627-DA6884DD421C}"
EndProject
Project("{8BC9CEB8-8B4A-11D0-8D11-00A0C91BC942}") = "axiszlib", "..\..\..\app\axis\zlib\and_axiszlib.vcxproj", "{34FCFBF1-E922-4FDC-BC83-B3C04623E8C2}"
EndProject
Project("{8BC9CEB8-8B4A-11D0-8D11-00A0C91BC942}") = "axisjpeg", "..\..\..\app\axis\jpeg\and_axisjpeg.vcxproj", "{84517713-2000-419D-A87F-4338C9DDE3FA}"
EndProject
Project("{8BC9CEB8-8B4A-11D0-8D11-00A0C91BC942}") = "axispng", "..\..\..\app\axis\png\and_axispng.vcxproj", "{84517714-2000-419D-A87F-4338C9DDE3FA}"
	ProjectSection(ProjectDependencies) = postProject
		{E8AC3EF0-11C5-4E12-A944-5F7EFED6E0C4} = {E8AC3EF0-11C5-4E12-A944-5F7EFED6E0C4}
	EndProjectSection
EndProject
Project("{8BC9CEB8-8B4A-11D0-8D11-00A0C91BC942}") = "axisfreeimage", "..\..\..\app\axis\freeimage\and_axisfreeimage.vcxproj", "{B39ED2B3-D53A-4077-B957-930979A3577D}"
	ProjectSection(ProjectDependencies) = postProject
		{03E5B8E7-9E3B-44DD-9EDE-E0A74D52C1C5} = {03E5B8E7-9E3B-44DD-9EDE-E0A74D52C1C5}
		{34FCFBF1-E922-4FDC-BC83-B3C04623E8C2} = {34FCFBF1-E922-4FDC-BC83-B3C04623E8C2}
	EndProjectSection
EndProject
Project("{8BC9CEB8-8B4A-11D0-8D11-00A0C91BC942}") = "axisfreetype", "..\..\..\app\axis\freetype\and_axisfreetype.vcxproj", "{78B079BD-9FC7-4B9E-B4A6-96DA0F00248B}"
EndProject
Project("{8BC9CEB8-8B4A-11D0-8D11-00A0C91BC942}") = "core", "..\..\..\app\appseed\core\and_core.vcxproj", "{E000FFAF-392F-4E32-BF51-FD7ED638991F}"
EndProject
Project("{8BC9CEB8-8B4A-11D0-8D11-00A0C91BC942}") = "base", "..\..\..\app\appseed\base\and_base.vcxproj", "{4D7D3626-ADA6-4CA2-9566-ED7B131E3D51}"
EndProject
Project("{8BC9CEB8-8B4A-11D0-8D11-00A0C91BC942}") = "wndfrm_core", "..\..\..\app-core\appseed\wndfrm_core\and_wndfrm_core.vcxproj", "{E2D7833B-9B59-4826-BBDF-C270A2115E86}"
EndProject
Project("{8BC9CEB8-8B4A-11D0-8D11-00A0C91BC942}") = "axiscairo", "..\..\..\app\axis\cairo\and_axiscairo.vcxproj", "{E6C58C82-71E5-48E6-98ED-1B505D6F10C2}"
EndProject
Project("{8BC9CEB8-8B4A-11D0-8D11-00A0C91BC942}") = "axispixman", "..\..\..\app\axis\pixman\and_axispixman.vcxproj", "{0A298E22-839B-4D11-B5A7-456EAD013C11}"
EndProject
Project("{8BC9CEB8-8B4A-11D0-8D11-00A0C91BC942}") = "draw2d_cairo", "..\..\..\app\appseed\draw2d_cairo\and_draw2d_cairo.vcxproj", "{B5B26A30-A18D-4DC2-BACE-48C2DE33CD75}"
EndProject
Project("{8BC9CEB8-8B4A-11D0-8D11-00A0C91BC942}") = "axis", "..\..\..\app\appseed\axis\and_axis.vcxproj", "{73A245F9-C92F-4487-AEF7-CB0531F665BD}"
EndProject
Project("{8BC9CEB8-8B4A-11D0-8D11-00A0C91BC942}") = "axisidn", "..\..\..\app\axis\idn\and_axisidn.vcxproj", "{E8AC3EF0-11C5-4E12-A944-5F7EFED6E0C4}"
EndProject
Project("{8BC9CEB8-8B4A-11D0-8D11-00A0C91BC942}") = "axisopenssl", "..\..\..\app\axis\openssl\and_axisopenssl.vcxproj", "{29676444-4D0F-4DD0-9104-0499D94DA2C9}"
EndProject
Global
	GlobalSection(SolutionConfigurationPlatforms) = preSolution
		basis|Android = basis|Android
		codeanalysis|Android = codeanalysis|Android
		memdleak|Android = memdleak|Android
		no_precompiled_header|Android = no_precompiled_header|Android
		profiler|Android = profiler|Android
		stage|Android = stage|Android
		static_basis|Android = static_basis|Android
	EndGlobalSection
	GlobalSection(ProjectConfigurationPlatforms) = postSolution
		{B2A3AD3B-1026-4D24-A527-2E1B38324184}.basis|Android.ActiveCfg = basis|Android
		{B2A3AD3B-1026-4D24-A527-2E1B38324184}.basis|Android.Build.0 = basis|Android
		{B2A3AD3B-1026-4D24-A527-2E1B38324184}.basis|Android.Deploy.0 = basis|Android
		{B2A3AD3B-1026-4D24-A527-2E1B38324184}.codeanalysis|Android.ActiveCfg = static_basis|Android
		{B2A3AD3B-1026-4D24-A527-2E1B38324184}.codeanalysis|Android.Build.0 = static_basis|Android
		{B2A3AD3B-1026-4D24-A527-2E1B38324184}.codeanalysis|Android.Deploy.0 = static_basis|Android
		{B2A3AD3B-1026-4D24-A527-2E1B38324184}.memdleak|Android.ActiveCfg = memdleak|Android
		{B2A3AD3B-1026-4D24-A527-2E1B38324184}.memdleak|Android.Deploy.0 = memdleak|Android
		{B2A3AD3B-1026-4D24-A527-2E1B38324184}.no_precompiled_header|Android.ActiveCfg = no_precompiled_header|Android
		{B2A3AD3B-1026-4D24-A527-2E1B38324184}.no_precompiled_header|Android.Deploy.0 = no_precompiled_header|Android
		{B2A3AD3B-1026-4D24-A527-2E1B38324184}.profiler|Android.ActiveCfg = profiler|Android
		{B2A3AD3B-1026-4D24-A527-2E1B38324184}.profiler|Android.Deploy.0 = profiler|Android
		{B2A3AD3B-1026-4D24-A527-2E1B38324184}.stage|Android.ActiveCfg = stage|Android
		{B2A3AD3B-1026-4D24-A527-2E1B38324184}.stage|Android.Deploy.0 = stage|Android
		{B2A3AD3B-1026-4D24-A527-2E1B38324184}.static_basis|Android.ActiveCfg = static_basis|Android
		{B2A3AD3B-1026-4D24-A527-2E1B38324184}.static_basis|Android.Deploy.0 = static_basis|Android
		{C7AFCEFA-3079-4B23-8F97-4543BB980265}.basis|Android.ActiveCfg = basis|Android
		{C7AFCEFA-3079-4B23-8F97-4543BB980265}.basis|Android.Build.0 = basis|Android
		{C7AFCEFA-3079-4B23-8F97-4543BB980265}.basis|Android.Deploy.0 = basis|Android
		{C7AFCEFA-3079-4B23-8F97-4543BB980265}.codeanalysis|Android.ActiveCfg = static_basis|Android
		{C7AFCEFA-3079-4B23-8F97-4543BB980265}.codeanalysis|Android.Build.0 = static_basis|Android
		{C7AFCEFA-3079-4B23-8F97-4543BB980265}.codeanalysis|Android.Deploy.0 = static_basis|Android
		{C7AFCEFA-3079-4B23-8F97-4543BB980265}.memdleak|Android.ActiveCfg = memdleak|Android
		{C7AFCEFA-3079-4B23-8F97-4543BB980265}.memdleak|Android.Deploy.0 = memdleak|Android
		{C7AFCEFA-3079-4B23-8F97-4543BB980265}.no_precompiled_header|Android.ActiveCfg = no_precompiled_header|Android
		{C7AFCEFA-3079-4B23-8F97-4543BB980265}.no_precompiled_header|Android.Deploy.0 = no_precompiled_header|Android
		{C7AFCEFA-3079-4B23-8F97-4543BB980265}.profiler|Android.ActiveCfg = profiler|Android
		{C7AFCEFA-3079-4B23-8F97-4543BB980265}.profiler|Android.Deploy.0 = profiler|Android
		{C7AFCEFA-3079-4B23-8F97-4543BB980265}.stage|Android.ActiveCfg = stage|Android
		{C7AFCEFA-3079-4B23-8F97-4543BB980265}.stage|Android.Deploy.0 = stage|Android
		{C7AFCEFA-3079-4B23-8F97-4543BB980265}.static_basis|Android.ActiveCfg = static_basis|Android
		{C7AFCEFA-3079-4B23-8F97-4543BB980265}.static_basis|Android.Deploy.0 = static_basis|Android
		{7CFB99A0-47A8-4485-BEFF-3D0104D66509}.basis|Android.ActiveCfg = basis|Android
		{7CFB99A0-47A8-4485-BEFF-3D0104D66509}.basis|Android.Build.0 = basis|Android
		{7CFB99A0-47A8-4485-BEFF-3D0104D66509}.basis|Android.Deploy.0 = basis|Android
		{7CFB99A0-47A8-4485-BEFF-3D0104D66509}.codeanalysis|Android.ActiveCfg = static_basis|Android
		{7CFB99A0-47A8-4485-BEFF-3D0104D66509}.codeanalysis|Android.Build.0 = static_basis|Android
		{7CFB99A0-47A8-4485-BEFF-3D0104D66509}.codeanalysis|Android.Deploy.0 = static_basis|Android
		{7CFB99A0-47A8-4485-BEFF-3D0104D66509}.memdleak|Android.ActiveCfg = memdleak|Android
		{7CFB99A0-47A8-4485-BEFF-3D0104D66509}.memdleak|Android.Deploy.0 = memdleak|Android
		{7CFB99A0-47A8-4485-BEFF-3D0104D66509}.no_precompiled_header|Android.ActiveCfg = no_precompiled_header|Android
		{7CFB99A0-47A8-4485-BEFF-3D0104D66509}.no_precompiled_header|Android.Deploy.0 = no_precompiled_header|Android
		{7CFB99A0-47A8-4485-BEFF-3D0104D66509}.profiler|Android.ActiveCfg = profiler|Android
		{7CFB99A0-47A8-4485-BEFF-3D0104D66509}.profiler|Android.Deploy.0 = profiler|Android
		{7CFB99A0-47A8-4485-BEFF-3D0104D66509}.stage|Android.ActiveCfg = stage|Android
		{7CFB99A0-47A8-4485-BEFF-3D0104D66509}.stage|Android.Deploy.0 = stage|Android
		{7CFB99A0-47A8-4485-BEFF-3D0104D66509}.static_basis|Android.ActiveCfg = static_basis|Android
		{7CFB99A0-47A8-4485-BEFF-3D0104D66509}.static_basis|Android.Deploy.0 = static_basis|Android
		{51778453-C0AA-419D-A87F-4338C9DDE3FA}.basis|Android.ActiveCfg = basis|Android
		{51778453-C0AA-419D-A87F-4338C9DDE3FA}.basis|Android.Build.0 = basis|Android
		{51778453-C0AA-419D-A87F-4338C9DDE3FA}.basis|Android.Deploy.0 = basis|Android
		{51778453-C0AA-419D-A87F-4338C9DDE3FA}.codeanalysis|Android.ActiveCfg = static_basis|Android
		{51778453-C0AA-419D-A87F-4338C9DDE3FA}.codeanalysis|Android.Build.0 = static_basis|Android
		{51778453-C0AA-419D-A87F-4338C9DDE3FA}.codeanalysis|Android.Deploy.0 = static_basis|Android
		{51778453-C0AA-419D-A87F-4338C9DDE3FA}.memdleak|Android.ActiveCfg = memdleak|Android
		{51778453-C0AA-419D-A87F-4338C9DDE3FA}.memdleak|Android.Deploy.0 = memdleak|Android
		{51778453-C0AA-419D-A87F-4338C9DDE3FA}.no_precompiled_header|Android.ActiveCfg = no_precompiled_header|Android
		{51778453-C0AA-419D-A87F-4338C9DDE3FA}.no_precompiled_header|Android.Deploy.0 = no_precompiled_header|Android
		{51778453-C0AA-419D-A87F-4338C9DDE3FA}.profiler|Android.ActiveCfg = profiler|Android
		{51778453-C0AA-419D-A87F-4338C9DDE3FA}.profiler|Android.Deploy.0 = profiler|Android
		{51778453-C0AA-419D-A87F-4338C9DDE3FA}.stage|Android.ActiveCfg = stage|Android
		{51778453-C0AA-419D-A87F-4338C9DDE3FA}.stage|Android.Deploy.0 = stage|Android
		{51778453-C0AA-419D-A87F-4338C9DDE3FA}.static_basis|Android.ActiveCfg = static_basis|Android
		{51778453-C0AA-419D-A87F-4338C9DDE3FA}.static_basis|Android.Deploy.0 = static_basis|Android
		{03E5B8E7-9E3B-44DD-9EDE-E0A74D52C1C5}.basis|Android.ActiveCfg = basis|Android
		{03E5B8E7-9E3B-44DD-9EDE-E0A74D52C1C5}.basis|Android.Build.0 = basis|Android
		{03E5B8E7-9E3B-44DD-9EDE-E0A74D52C1C5}.basis|Android.Deploy.0 = basis|Android
		{03E5B8E7-9E3B-44DD-9EDE-E0A74D52C1C5}.codeanalysis|Android.ActiveCfg = static_basis|Android
		{03E5B8E7-9E3B-44DD-9EDE-E0A74D52C1C5}.codeanalysis|Android.Build.0 = static_basis|Android
		{03E5B8E7-9E3B-44DD-9EDE-E0A74D52C1C5}.codeanalysis|Android.Deploy.0 = static_basis|Android
		{03E5B8E7-9E3B-44DD-9EDE-E0A74D52C1C5}.memdleak|Android.ActiveCfg = memdleak|Android
		{03E5B8E7-9E3B-44DD-9EDE-E0A74D52C1C5}.memdleak|Android.Deploy.0 = memdleak|Android
		{03E5B8E7-9E3B-44DD-9EDE-E0A74D52C1C5}.no_precompiled_header|Android.ActiveCfg = no_precompiled_header|Android
		{03E5B8E7-9E3B-44DD-9EDE-E0A74D52C1C5}.no_precompiled_header|Android.Deploy.0 = no_precompiled_header|Android
		{03E5B8E7-9E3B-44DD-9EDE-E0A74D52C1C5}.profiler|Android.ActiveCfg = profiler|Android
		{03E5B8E7-9E3B-44DD-9EDE-E0A74D52C1C5}.profiler|Android.Deploy.0 = profiler|Android
		{03E5B8E7-9E3B-44DD-9EDE-E0A74D52C1C5}.stage|Android.ActiveCfg = stage|Android
		{03E5B8E7-9E3B-44DD-9EDE-E0A74D52C1C5}.stage|Android.Deploy.0 = stage|Android
		{03E5B8E7-9E3B-44DD-9EDE-E0A74D52C1C5}.static_basis|Android.ActiveCfg = static_basis|Android
		{03E5B8E7-9E3B-44DD-9EDE-E0A74D52C1C5}.static_basis|Android.Deploy.0 = static_basis|Android
		{AC6A52B4-C049-439C-88FF-5A262D968C8F}.basis|Android.ActiveCfg = basis|Android
		{AC6A52B4-C049-439C-88FF-5A262D968C8F}.basis|Android.Build.0 = basis|Android
		{AC6A52B4-C049-439C-88FF-5A262D968C8F}.basis|Android.Deploy.0 = basis|Android
		{AC6A52B4-C049-439C-88FF-5A262D968C8F}.codeanalysis|Android.ActiveCfg = static_basis|Android
		{AC6A52B4-C049-439C-88FF-5A262D968C8F}.codeanalysis|Android.Build.0 = static_basis|Android
		{AC6A52B4-C049-439C-88FF-5A262D968C8F}.codeanalysis|Android.Deploy.0 = static_basis|Android
		{AC6A52B4-C049-439C-88FF-5A262D968C8F}.memdleak|Android.ActiveCfg = memdleak|Android
		{AC6A52B4-C049-439C-88FF-5A262D968C8F}.memdleak|Android.Deploy.0 = memdleak|Android
		{AC6A52B4-C049-439C-88FF-5A262D968C8F}.no_precompiled_header|Android.ActiveCfg = no_precompiled_header|Android
		{AC6A52B4-C049-439C-88FF-5A262D968C8F}.no_precompiled_header|Android.Deploy.0 = no_precompiled_header|Android
		{AC6A52B4-C049-439C-88FF-5A262D968C8F}.profiler|Android.ActiveCfg = profiler|Android
		{AC6A52B4-C049-439C-88FF-5A262D968C8F}.profiler|Android.Deploy.0 = profiler|Android
		{AC6A52B4-C049-439C-88FF-5A262D968C8F}.stage|Android.ActiveCfg = stage|Android
		{AC6A52B4-C049-439C-88FF-5A262D968C8F}.stage|Android.Deploy.0 = stage|Android
		{AC6A52B4-C049-439C-88FF-5A262D968C8F}.static_basis|Android.ActiveCfg = static_basis|Android
		{AC6A52B4-C049-439C-88FF-5A262D968C8F}.static_basis|Android.Deploy.0 = static_basis|Android
		{424F72D6-053A-41C5-BE03-3B0BD535F1EB}.basis|Android.ActiveCfg = basis|Android
		{424F72D6-053A-41C5-BE03-3B0BD535F1EB}.basis|Android.Build.0 = basis|Android
		{424F72D6-053A-41C5-BE03-3B0BD535F1EB}.basis|Android.Deploy.0 = basis|Android
		{424F72D6-053A-41C5-BE03-3B0BD535F1EB}.codeanalysis|Android.ActiveCfg = static_basis|Android
		{424F72D6-053A-41C5-BE03-3B0BD535F1EB}.codeanalysis|Android.Build.0 = static_basis|Android
		{424F72D6-053A-41C5-BE03-3B0BD535F1EB}.codeanalysis|Android.Deploy.0 = static_basis|Android
		{424F72D6-053A-41C5-BE03-3B0BD535F1EB}.memdleak|Android.ActiveCfg = memdleak|Android
		{424F72D6-053A-41C5-BE03-3B0BD535F1EB}.memdleak|Android.Deploy.0 = memdleak|Android
		{424F72D6-053A-41C5-BE03-3B0BD535F1EB}.no_precompiled_header|Android.ActiveCfg = no_precompiled_header|Android
		{424F72D6-053A-41C5-BE03-3B0BD535F1EB}.no_precompiled_header|Android.Deploy.0 = no_precompiled_header|Android
		{424F72D6-053A-41C5-BE03-3B0BD535F1EB}.profiler|Android.ActiveCfg = profiler|Android
		{424F72D6-053A-41C5-BE03-3B0BD535F1EB}.profiler|Android.Deploy.0 = profiler|Android
		{424F72D6-053A-41C5-BE03-3B0BD535F1EB}.stage|Android.ActiveCfg = stage|Android
		{424F72D6-053A-41C5-BE03-3B0BD535F1EB}.stage|Android.Deploy.0 = stage|Android
		{424F72D6-053A-41C5-BE03-3B0BD535F1EB}.static_basis|Android.ActiveCfg = static_basis|Android
		{424F72D6-053A-41C5-BE03-3B0BD535F1EB}.static_basis|Android.Deploy.0 = static_basis|Android
		{A5A649E1-D516-4F29-A627-DA6884DD421C}.basis|Android.ActiveCfg = basis|Android
		{A5A649E1-D516-4F29-A627-DA6884DD421C}.basis|Android.Build.0 = basis|Android
		{A5A649E1-D516-4F29-A627-DA6884DD421C}.basis|Android.Deploy.0 = basis|Android
		{A5A649E1-D516-4F29-A627-DA6884DD421C}.codeanalysis|Android.ActiveCfg = static_basis|Android
		{A5A649E1-D516-4F29-A627-DA6884DD421C}.codeanalysis|Android.Build.0 = static_basis|Android
		{A5A649E1-D516-4F29-A627-DA6884DD421C}.codeanalysis|Android.Deploy.0 = static_basis|Android
		{A5A649E1-D516-4F29-A627-DA6884DD421C}.memdleak|Android.ActiveCfg = memdleak|Android
		{A5A649E1-D516-4F29-A627-DA6884DD421C}.memdleak|Android.Deploy.0 = memdleak|Android
		{A5A649E1-D516-4F29-A627-DA6884DD421C}.no_precompiled_header|Android.ActiveCfg = no_precompiled_header|Android
		{A5A649E1-D516-4F29-A627-DA6884DD421C}.no_precompiled_header|Android.Deploy.0 = no_precompiled_header|Android
		{A5A649E1-D516-4F29-A627-DA6884DD421C}.profiler|Android.ActiveCfg = profiler|Android
		{A5A649E1-D516-4F29-A627-DA6884DD421C}.profiler|Android.Deploy.0 = profiler|Android
		{A5A649E1-D516-4F29-A627-DA6884DD421C}.stage|Android.ActiveCfg = stage|Android
		{A5A649E1-D516-4F29-A627-DA6884DD421C}.stage|Android.Deploy.0 = stage|Android
		{A5A649E1-D516-4F29-A627-DA6884DD421C}.static_basis|Android.ActiveCfg = static_basis|Android
		{A5A649E1-D516-4F29-A627-DA6884DD421C}.static_basis|Android.Deploy.0 = static_basis|Android
		{34FCFBF1-E922-4FDC-BC83-B3C04623E8C2}.basis|Android.ActiveCfg = basis|Android
		{34FCFBF1-E922-4FDC-BC83-B3C04623E8C2}.basis|Android.Build.0 = basis|Android
		{34FCFBF1-E922-4FDC-BC83-B3C04623E8C2}.basis|Android.Deploy.0 = basis|Android
		{34FCFBF1-E922-4FDC-BC83-B3C04623E8C2}.codeanalysis|Android.ActiveCfg = static_basis|Android
		{34FCFBF1-E922-4FDC-BC83-B3C04623E8C2}.codeanalysis|Android.Build.0 = static_basis|Android
		{34FCFBF1-E922-4FDC-BC83-B3C04623E8C2}.codeanalysis|Android.Deploy.0 = static_basis|Android
		{34FCFBF1-E922-4FDC-BC83-B3C04623E8C2}.memdleak|Android.ActiveCfg = memdleak|Android
		{34FCFBF1-E922-4FDC-BC83-B3C04623E8C2}.memdleak|Android.Deploy.0 = memdleak|Android
		{34FCFBF1-E922-4FDC-BC83-B3C04623E8C2}.no_precompiled_header|Android.ActiveCfg = no_precompiled_header|Android
		{34FCFBF1-E922-4FDC-BC83-B3C04623E8C2}.no_precompiled_header|Android.Deploy.0 = no_precompiled_header|Android
		{34FCFBF1-E922-4FDC-BC83-B3C04623E8C2}.profiler|Android.ActiveCfg = profiler|Android
		{34FCFBF1-E922-4FDC-BC83-B3C04623E8C2}.profiler|Android.Deploy.0 = profiler|Android
		{34FCFBF1-E922-4FDC-BC83-B3C04623E8C2}.stage|Android.ActiveCfg = stage|Android
		{34FCFBF1-E922-4FDC-BC83-B3C04623E8C2}.stage|Android.Deploy.0 = stage|Android
		{34FCFBF1-E922-4FDC-BC83-B3C04623E8C2}.static_basis|Android.ActiveCfg = static_basis|Android
		{34FCFBF1-E922-4FDC-BC83-B3C04623E8C2}.static_basis|Android.Deploy.0 = static_basis|Android
		{84517713-2000-419D-A87F-4338C9DDE3FA}.basis|Android.ActiveCfg = basis|Android
		{84517713-2000-419D-A87F-4338C9DDE3FA}.basis|Android.Build.0 = basis|Android
		{84517713-2000-419D-A87F-4338C9DDE3FA}.basis|Android.Deploy.0 = basis|Android
		{84517713-2000-419D-A87F-4338C9DDE3FA}.codeanalysis|Android.ActiveCfg = static_basis|Android
		{84517713-2000-419D-A87F-4338C9DDE3FA}.codeanalysis|Android.Build.0 = static_basis|Android
		{84517713-2000-419D-A87F-4338C9DDE3FA}.codeanalysis|Android.Deploy.0 = static_basis|Android
		{84517713-2000-419D-A87F-4338C9DDE3FA}.memdleak|Android.ActiveCfg = memdleak|Android
		{84517713-2000-419D-A87F-4338C9DDE3FA}.memdleak|Android.Deploy.0 = memdleak|Android
		{84517713-2000-419D-A87F-4338C9DDE3FA}.no_precompiled_header|Android.ActiveCfg = no_precompiled_header|Android
		{84517713-2000-419D-A87F-4338C9DDE3FA}.no_precompiled_header|Android.Deploy.0 = no_precompiled_header|Android
		{84517713-2000-419D-A87F-4338C9DDE3FA}.profiler|Android.ActiveCfg = profiler|Android
		{84517713-2000-419D-A87F-4338C9DDE3FA}.profiler|Android.Deploy.0 = profiler|Android
		{84517713-2000-419D-A87F-4338C9DDE3FA}.stage|Android.ActiveCfg = stage|Android
		{84517713-2000-419D-A87F-4338C9DDE3FA}.stage|Android.Deploy.0 = stage|Android
		{84517713-2000-419D-A87F-4338C9DDE3FA}.static_basis|Android.ActiveCfg = static_basis|Android
		{84517713-2000-419D-A87F-4338C9DDE3FA}.static_basis|Android.Deploy.0 = static_basis|Android
		{84517714-2000-419D-A87F-4338C9DDE3FA}.basis|Android.ActiveCfg = basis|Android
		{84517714-2000-419D-A87F-4338C9DDE3FA}.basis|Android.Build.0 = basis|Android
		{84517714-2000-419D-A87F-4338C9DDE3FA}.basis|Android.Deploy.0 = basis|Android
		{84517714-2000-419D-A87F-4338C9DDE3FA}.codeanalysis|Android.ActiveCfg = static_basis|Android
		{84517714-2000-419D-A87F-4338C9DDE3FA}.codeanalysis|Android.Build.0 = static_basis|Android
		{84517714-2000-419D-A87F-4338C9DDE3FA}.codeanalysis|Android.Deploy.0 = static_basis|Android
		{84517714-2000-419D-A87F-4338C9DDE3FA}.memdleak|Android.ActiveCfg = memdleak|Android
		{84517714-2000-419D-A87F-4338C9DDE3FA}.memdleak|Android.Deploy.0 = memdleak|Android
		{84517714-2000-419D-A87F-4338C9DDE3FA}.no_precompiled_header|Android.ActiveCfg = no_precompiled_header|Android
		{84517714-2000-419D-A87F-4338C9DDE3FA}.no_precompiled_header|Android.Deploy.0 = no_precompiled_header|Android
		{84517714-2000-419D-A87F-4338C9DDE3FA}.profiler|Android.ActiveCfg = profiler|Android
		{84517714-2000-419D-A87F-4338C9DDE3FA}.profiler|Android.Deploy.0 = profiler|Android
		{84517714-2000-419D-A87F-4338C9DDE3FA}.stage|Android.ActiveCfg = stage|Android
		{84517714-2000-419D-A87F-4338C9DDE3FA}.stage|Android.Deploy.0 = stage|Android
		{84517714-2000-419D-A87F-4338C9DDE3FA}.static_basis|Android.ActiveCfg = static_basis|Android
		{84517714-2000-419D-A87F-4338C9DDE3FA}.static_basis|Android.Deploy.0 = static_basis|Android
		{B39ED2B3-D53A-4077-B957-930979A3577D}.basis|Android.ActiveCfg = basis|Android
		{B39ED2B3-D53A-4077-B957-930979A3577D}.basis|Android.Build.0 = basis|Android
		{B39ED2B3-D53A-4077-B957-930979A3577D}.basis|Android.Deploy.0 = basis|Android
		{B39ED2B3-D53A-4077-B957-930979A3577D}.codeanalysis|Android.ActiveCfg = static_basis|Android
		{B39ED2B3-D53A-4077-B957-930979A3577D}.codeanalysis|Android.Build.0 = static_basis|Android
		{B39ED2B3-D53A-4077-B957-930979A3577D}.codeanalysis|Android.Deploy.0 = static_basis|Android
		{B39ED2B3-D53A-4077-B957-930979A3577D}.memdleak|Android.ActiveCfg = memdleak|Android
		{B39ED2B3-D53A-4077-B957-930979A3577D}.memdleak|Android.Deploy.0 = memdleak|Android
		{B39ED2B3-D53A-4077-B957-930979A3577D}.no_precompiled_header|Android.ActiveCfg = no_precompiled_header|Android
		{B39ED2B3-D53A-4077-B957-930979A3577D}.no_precompiled_header|Android.Deploy.0 = no_precompiled_header|Android
		{B39ED2B3-D53A-4077-B957-930979A3577D}.profiler|Android.ActiveCfg = profiler|Android
		{B39ED2B3-D53A-4077-B957-930979A3577D}.profiler|Android.Deploy.0 = profiler|Android
		{B39ED2B3-D53A-4077-B957-930979A3577D}.stage|Android.ActiveCfg = stage|Android
		{B39ED2B3-D53A-4077-B957-930979A3577D}.stage|Android.Deploy.0 = stage|Android
		{B39ED2B3-D53A-4077-B957-930979A3577D}.static_basis|Android.ActiveCfg = static_basis|Android
		{B39ED2B3-D53A-4077-B957-930979A3577D}.static_basis|Android.Deploy.0 = static_basis|Android
		{78B079BD-9FC7-4B9E-B4A6-96DA0F00248B}.basis|Android.ActiveCfg = basis|Android
		{78B079BD-9FC7-4B9E-B4A6-96DA0F00248B}.basis|Android.Build.0 = basis|Android
		{78B079BD-9FC7-4B9E-B4A6-96DA0F00248B}.basis|Android.Deploy.0 = basis|Android
		{78B079BD-9FC7-4B9E-B4A6-96DA0F00248B}.codeanalysis|Android.ActiveCfg = static_basis|Android
		{78B079BD-9FC7-4B9E-B4A6-96DA0F00248B}.codeanalysis|Android.Build.0 = static_basis|Android
		{78B079BD-9FC7-4B9E-B4A6-96DA0F00248B}.codeanalysis|Android.Deploy.0 = static_basis|Android
		{78B079BD-9FC7-4B9E-B4A6-96DA0F00248B}.memdleak|Android.ActiveCfg = memdleak|Android
		{78B079BD-9FC7-4B9E-B4A6-96DA0F00248B}.memdleak|Android.Deploy.0 = memdleak|Android
		{78B079BD-9FC7-4B9E-B4A6-96DA0F00248B}.no_precompiled_header|Android.ActiveCfg = no_precompiled_header|Android
		{78B079BD-9FC7-4B9E-B4A6-96DA0F00248B}.no_precompiled_header|Android.Deploy.0 = no_precompiled_header|Android
		{78B079BD-9FC7-4B9E-B4A6-96DA0F00248B}.profiler|Android.ActiveCfg = profiler|Android
		{78B079BD-9FC7-4B9E-B4A6-96DA0F00248B}.profiler|Android.Deploy.0 = profiler|Android
		{78B079BD-9FC7-4B9E-B4A6-96DA0F00248B}.stage|Android.ActiveCfg = stage|Android
		{78B079BD-9FC7-4B9E-B4A6-96DA0F00248B}.stage|Android.Deploy.0 = stage|Android
		{78B079BD-9FC7-4B9E-B4A6-96DA0F00248B}.static_basis|Android.ActiveCfg = static_basis|Android
		{78B079BD-9FC7-4B9E-B4A6-96DA0F00248B}.static_basis|Android.Deploy.0 = static_basis|Android
		{E000FFAF-392F-4E32-BF51-FD7ED638991F}.basis|Android.ActiveCfg = basis|Android
		{E000FFAF-392F-4E32-BF51-FD7ED638991F}.basis|Android.Build.0 = basis|Android
		{E000FFAF-392F-4E32-BF51-FD7ED638991F}.basis|Android.Deploy.0 = basis|Android
		{E000FFAF-392F-4E32-BF51-FD7ED638991F}.codeanalysis|Android.ActiveCfg = static_basis|Android
		{E000FFAF-392F-4E32-BF51-FD7ED638991F}.codeanalysis|Android.Build.0 = static_basis|Android
		{E000FFAF-392F-4E32-BF51-FD7ED638991F}.codeanalysis|Android.Deploy.0 = static_basis|Android
		{E000FFAF-392F-4E32-BF51-FD7ED638991F}.memdleak|Android.ActiveCfg = memdleak|Android
		{E000FFAF-392F-4E32-BF51-FD7ED638991F}.memdleak|Android.Deploy.0 = memdleak|Android
		{E000FFAF-392F-4E32-BF51-FD7ED638991F}.no_precompiled_header|Android.ActiveCfg = no_precompiled_header|Android
		{E000FFAF-392F-4E32-BF51-FD7ED638991F}.no_precompiled_header|Android.Deploy.0 = no_precompiled_header|Android
		{E000FFAF-392F-4E32-BF51-FD7ED638991F}.profiler|Android.ActiveCfg = profiler|Android
		{E000FFAF-392F-4E32-BF51-FD7ED638991F}.profiler|Android.Deploy.0 = profiler|Android
		{E000FFAF-392F-4E32-BF51-FD7ED638991F}.stage|Android.ActiveCfg = stage|Android
		{E000FFAF-392F-4E32-BF51-FD7ED638991F}.stage|Android.Deploy.0 = stage|Android
		{E000FFAF-392F-4E32-BF51-FD7ED638991F}.static_basis|Android.ActiveCfg = static_basis|Android
		{E000FFAF-392F-4E32-BF51-FD7ED638991F}.static_basis|Android.Deploy.0 = static_basis|Android
		{4D7D3626-ADA6-4CA2-9566-ED7B131E3D51}.basis|Android.ActiveCfg = basis|Android
		{4D7D3626-ADA6-4CA2-9566-ED7B131E3D51}.basis|Android.Build.0 = basis|Android
		{4D7D3626-ADA6-4CA2-9566-ED7B131E3D51}.basis|Android.Deploy.0 = basis|Android
		{4D7D3626-ADA6-4CA2-9566-ED7B131E3D51}.codeanalysis|Android.ActiveCfg = static_basis|Android
		{4D7D3626-ADA6-4CA2-9566-ED7B131E3D51}.codeanalysis|Android.Build.0 = static_basis|Android
		{4D7D3626-ADA6-4CA2-9566-ED7B131E3D51}.codeanalysis|Android.Deploy.0 = static_basis|Android
		{4D7D3626-ADA6-4CA2-9566-ED7B131E3D51}.memdleak|Android.ActiveCfg = memdleak|Android
		{4D7D3626-ADA6-4CA2-9566-ED7B131E3D51}.memdleak|Android.Deploy.0 = memdleak|Android
		{4D7D3626-ADA6-4CA2-9566-ED7B131E3D51}.no_precompiled_header|Android.ActiveCfg = no_precompiled_header|Android
		{4D7D3626-ADA6-4CA2-9566-ED7B131E3D51}.no_precompiled_header|Android.Deploy.0 = no_precompiled_header|Android
		{4D7D3626-ADA6-4CA2-9566-ED7B131E3D51}.profiler|Android.ActiveCfg = profiler|Android
		{4D7D3626-ADA6-4CA2-9566-ED7B131E3D51}.profiler|Android.Deploy.0 = profiler|Android
		{4D7D3626-ADA6-4CA2-9566-ED7B131E3D51}.stage|Android.ActiveCfg = stage|Android
		{4D7D3626-ADA6-4CA2-9566-ED7B131E3D51}.stage|Android.Deploy.0 = stage|Android
		{4D7D3626-ADA6-4CA2-9566-ED7B131E3D51}.static_basis|Android.ActiveCfg = static_basis|Android
		{4D7D3626-ADA6-4CA2-9566-ED7B131E3D51}.static_basis|Android.Deploy.0 = static_basis|Android
		{E2D7833B-9B59-4826-BBDF-C270A2115E86}.basis|Android.ActiveCfg = basis|Android
		{E2D7833B-9B59-4826-BBDF-C270A2115E86}.basis|Android.Build.0 = basis|Android
		{E2D7833B-9B59-4826-BBDF-C270A2115E86}.basis|Android.Deploy.0 = basis|Android
		{E2D7833B-9B59-4826-BBDF-C270A2115E86}.codeanalysis|Android.ActiveCfg = static_basis|Android
		{E2D7833B-9B59-4826-BBDF-C270A2115E86}.codeanalysis|Android.Build.0 = static_basis|Android
		{E2D7833B-9B59-4826-BBDF-C270A2115E86}.codeanalysis|Android.Deploy.0 = static_basis|Android
		{E2D7833B-9B59-4826-BBDF-C270A2115E86}.memdleak|Android.ActiveCfg = memdleak|Android
		{E2D7833B-9B59-4826-BBDF-C270A2115E86}.memdleak|Android.Deploy.0 = memdleak|Android
		{E2D7833B-9B59-4826-BBDF-C270A2115E86}.no_precompiled_header|Android.ActiveCfg = no_precompiled_header|Android
		{E2D7833B-9B59-4826-BBDF-C270A2115E86}.no_precompiled_header|Android.Deploy.0 = no_precompiled_header|Android
		{E2D7833B-9B59-4826-BBDF-C270A2115E86}.profiler|Android.ActiveCfg = profiler|Android
		{E2D7833B-9B59-4826-BBDF-C270A2115E86}.profiler|Android.Deploy.0 = profiler|Android
		{E2D7833B-9B59-4826-BBDF-C270A2115E86}.stage|Android.ActiveCfg = stage|Android
		{E2D7833B-9B59-4826-BBDF-C270A2115E86}.stage|Android.Deploy.0 = stage|Android
		{E2D7833B-9B59-4826-BBDF-C270A2115E86}.static_basis|Android.ActiveCfg = static_basis|Android
		{E2D7833B-9B59-4826-BBDF-C270A2115E86}.static_basis|Android.Deploy.0 = static_basis|Android
		{E6C58C82-71E5-48E6-98ED-1B505D6F10C2}.basis|Android.ActiveCfg = basis|Android
		{E6C58C82-71E5-48E6-98ED-1B505D6F10C2}.basis|Android.Build.0 = basis|Android
		{E6C58C82-71E5-48E6-98ED-1B505D6F10C2}.basis|Android.Deploy.0 = basis|Android
		{E6C58C82-71E5-48E6-98ED-1B505D6F10C2}.codeanalysis|Android.ActiveCfg = static_basis|Android
		{E6C58C82-71E5-48E6-98ED-1B505D6F10C2}.codeanalysis|Android.Build.0 = static_basis|Android
		{E6C58C82-71E5-48E6-98ED-1B505D6F10C2}.codeanalysis|Android.Deploy.0 = static_basis|Android
		{E6C58C82-71E5-48E6-98ED-1B505D6F10C2}.memdleak|Android.ActiveCfg = memdleak|Android
		{E6C58C82-71E5-48E6-98ED-1B505D6F10C2}.memdleak|Android.Deploy.0 = memdleak|Android
		{E6C58C82-71E5-48E6-98ED-1B505D6F10C2}.no_precompiled_header|Android.ActiveCfg = no_precompiled_header|Android
		{E6C58C82-71E5-48E6-98ED-1B505D6F10C2}.no_precompiled_header|Android.Deploy.0 = no_precompiled_header|Android
		{E6C58C82-71E5-48E6-98ED-1B505D6F10C2}.profiler|Android.ActiveCfg = profiler|Android
		{E6C58C82-71E5-48E6-98ED-1B505D6F10C2}.profiler|Android.Deploy.0 = profiler|Android
		{E6C58C82-71E5-48E6-98ED-1B505D6F10C2}.stage|Android.ActiveCfg = stage|Android
		{E6C58C82-71E5-48E6-98ED-1B505D6F10C2}.stage|Android.Deploy.0 = stage|Android
		{E6C58C82-71E5-48E6-98ED-1B505D6F10C2}.static_basis|Android.ActiveCfg = static_basis|Android
		{E6C58C82-71E5-48E6-98ED-1B505D6F10C2}.static_basis|Android.Deploy.0 = static_basis|Android
		{0A298E22-839B-4D11-B5A7-456EAD013C11}.basis|Android.ActiveCfg = basis|Android
		{0A298E22-839B-4D11-B5A7-456EAD013C11}.basis|Android.Build.0 = basis|Android
		{0A298E22-839B-4D11-B5A7-456EAD013C11}.basis|Android.Deploy.0 = basis|Android
		{0A298E22-839B-4D11-B5A7-456EAD013C11}.codeanalysis|Android.ActiveCfg = static_basis|Android
		{0A298E22-839B-4D11-B5A7-456EAD013C11}.codeanalysis|Android.Build.0 = static_basis|Android
		{0A298E22-839B-4D11-B5A7-456EAD013C11}.codeanalysis|Android.Deploy.0 = static_basis|Android
		{0A298E22-839B-4D11-B5A7-456EAD013C11}.memdleak|Android.ActiveCfg = memdleak|Android
		{0A298E22-839B-4D11-B5A7-456EAD013C11}.memdleak|Android.Deploy.0 = memdleak|Android
		{0A298E22-839B-4D11-B5A7-456EAD013C11}.no_precompiled_header|Android.ActiveCfg = no_precompiled_header|Android
		{0A298E22-839B-4D11-B5A7-456EAD013C11}.no_precompiled_header|Android.Deploy.0 = no_precompiled_header|Android
		{0A298E22-839B-4D11-B5A7-456EAD013C11}.profiler|Android.ActiveCfg = profiler|Android
		{0A298E22-839B-4D11-B5A7-456EAD013C11}.profiler|Android.Deploy.0 = profiler|Android
		{0A298E22-839B-4D11-B5A7-456EAD013C11}.stage|Android.ActiveCfg = stage|Android
		{0A298E22-839B-4D11-B5A7-456EAD013C11}.stage|Android.Deploy.0 = stage|Android
		{0A298E22-839B-4D11-B5A7-456EAD013C11}.static_basis|Android.ActiveCfg = static_basis|Android
		{0A298E22-839B-4D11-B5A7-456EAD013C11}.static_basis|Android.Deploy.0 = static_basis|Android
		{B5B26A30-A18D-4DC2-BACE-48C2DE33CD75}.basis|Android.ActiveCfg = basis|Android
		{B5B26A30-A18D-4DC2-BACE-48C2DE33CD75}.basis|Android.Build.0 = basis|Android
		{B5B26A30-A18D-4DC2-BACE-48C2DE33CD75}.basis|Android.Deploy.0 = basis|Android
		{B5B26A30-A18D-4DC2-BACE-48C2DE33CD75}.codeanalysis|Android.ActiveCfg = static_basis|Android
		{B5B26A30-A18D-4DC2-BACE-48C2DE33CD75}.codeanalysis|Android.Build.0 = static_basis|Android
		{B5B26A30-A18D-4DC2-BACE-48C2DE33CD75}.codeanalysis|Android.Deploy.0 = static_basis|Android
		{B5B26A30-A18D-4DC2-BACE-48C2DE33CD75}.memdleak|Android.ActiveCfg = memdleak|Android
		{B5B26A30-A18D-4DC2-BACE-48C2DE33CD75}.memdleak|Android.Deploy.0 = memdleak|Android
		{B5B26A30-A18D-4DC2-BACE-48C2DE33CD75}.no_precompiled_header|Android.ActiveCfg = no_precompiled_header|Android
		{B5B26A30-A18D-4DC2-BACE-48C2DE33CD75}.no_precompiled_header|Android.Deploy.0 = no_precompiled_header|Android
		{B5B26A30-A18D-4DC2-BACE-48C2DE33CD75}.profiler|Android.ActiveCfg = profiler|Android
		{B5B26A30-A18D-4DC2-BACE-48C2DE33CD75}.profiler|Android.Deploy.0 = profiler|Android
		{B5B26A30-A18D-4DC2-BACE-48C2DE33CD75}.stage|Android.ActiveCfg = stage|Android
		{B5B26A30-A18D-4DC2-BACE-48C2DE33CD75}.stage|Android.Deploy.0 = stage|Android
		{B5B26A30-A18D-4DC2-BACE-48C2DE33CD75}.static_basis|Android.ActiveCfg = static_basis|Android
		{B5B26A30-A18D-4DC2-BACE-48C2DE33CD75}.static_basis|Android.Deploy.0 = static_basis|Android
		{73A245F9-C92F-4487-AEF7-CB0531F665BD}.basis|Android.ActiveCfg = basis|Android
		{73A245F9-C92F-4487-AEF7-CB0531F665BD}.basis|Android.Build.0 = basis|Android
		{73A245F9-C92F-4487-AEF7-CB0531F665BD}.basis|Android.Deploy.0 = basis|Android
		{73A245F9-C92F-4487-AEF7-CB0531F665BD}.codeanalysis|Android.ActiveCfg = basis|Android
		{73A245F9-C92F-4487-AEF7-CB0531F665BD}.codeanalysis|Android.Build.0 = basis|Android
		{73A245F9-C92F-4487-AEF7-CB0531F665BD}.codeanalysis|Android.Deploy.0 = basis|Android
		{73A245F9-C92F-4487-AEF7-CB0531F665BD}.memdleak|Android.ActiveCfg = memdleak|Android
		{73A245F9-C92F-4487-AEF7-CB0531F665BD}.memdleak|Android.Deploy.0 = memdleak|Android
		{73A245F9-C92F-4487-AEF7-CB0531F665BD}.no_precompiled_header|Android.ActiveCfg = no_precompiled_header|Android
		{73A245F9-C92F-4487-AEF7-CB0531F665BD}.no_precompiled_header|Android.Deploy.0 = no_precompiled_header|Android
		{73A245F9-C92F-4487-AEF7-CB0531F665BD}.profiler|Android.ActiveCfg = profiler|Android
		{73A245F9-C92F-4487-AEF7-CB0531F665BD}.profiler|Android.Deploy.0 = profiler|Android
		{73A245F9-C92F-4487-AEF7-CB0531F665BD}.stage|Android.ActiveCfg = stage|Android
		{73A245F9-C92F-4487-AEF7-CB0531F665BD}.stage|Android.Deploy.0 = stage|Android
		{73A245F9-C92F-4487-AEF7-CB0531F665BD}.static_basis|Android.ActiveCfg = static_basis|Android
		{73A245F9-C92F-4487-AEF7-CB0531F665BD}.static_basis|Android.Deploy.0 = static_basis|Android
		{E8AC3EF0-11C5-4E12-A944-5F7EFED6E0C4}.basis|Android.ActiveCfg = basis|Android
		{E8AC3EF0-11C5-4E12-A944-5F7EFED6E0C4}.basis|Android.Build.0 = basis|Android
		{E8AC3EF0-11C5-4E12-A944-5F7EFED6E0C4}.basis|Android.Deploy.0 = basis|Android
		{E8AC3EF0-11C5-4E12-A944-5F7EFED6E0C4}.codeanalysis|Android.ActiveCfg = basis|Android
		{E8AC3EF0-11C5-4E12-A944-5F7EFED6E0C4}.codeanalysis|Android.Build.0 = basis|Android
		{E8AC3EF0-11C5-4E12-A944-5F7EFED6E0C4}.codeanalysis|Android.Deploy.0 = basis|Android
		{E8AC3EF0-11C5-4E12-A944-5F7EFED6E0C4}.memdleak|Android.ActiveCfg = memdleak|Android
		{E8AC3EF0-11C5-4E12-A944-5F7EFED6E0C4}.memdleak|Android.Build.0 = memdleak|Android
		{E8AC3EF0-11C5-4E12-A944-5F7EFED6E0C4}.memdleak|Android.Deploy.0 = memdleak|Android
		{E8AC3EF0-11C5-4E12-A944-5F7EFED6E0C4}.no_precompiled_header|Android.ActiveCfg = no_precompiled_header|Android
		{E8AC3EF0-11C5-4E12-A944-5F7EFED6E0C4}.no_precompiled_header|Android.Build.0 = no_precompiled_header|Android
		{E8AC3EF0-11C5-4E12-A944-5F7EFED6E0C4}.no_precompiled_header|Android.Deploy.0 = no_precompiled_header|Android
		{E8AC3EF0-11C5-4E12-A944-5F7EFED6E0C4}.profiler|Android.ActiveCfg = profiler|Android
		{E8AC3EF0-11C5-4E12-A944-5F7EFED6E0C4}.profiler|Android.Build.0 = profiler|Android
		{E8AC3EF0-11C5-4E12-A944-5F7EFED6E0C4}.profiler|Android.Deploy.0 = profiler|Android
		{E8AC3EF0-11C5-4E12-A944-5F7EFED6E0C4}.stage|Android.ActiveCfg = stage|Android
		{E8AC3EF0-11C5-4E12-A944-5F7EFED6E0C4}.stage|Android.Build.0 = stage|Android
		{E8AC3EF0-11C5-4E12-A944-5F7EFED6E0C4}.stage|Android.Deploy.0 = stage|Android
		{E8AC3EF0-11C5-4E12-A944-5F7EFED6E0C4}.static_basis|Android.ActiveCfg = static_basis|Android
		{E8AC3EF0-11C5-4E12-A944-5F7EFED6E0C4}.static_basis|Android.Build.0 = static_basis|Android
		{E8AC3EF0-11C5-4E12-A944-5F7EFED6E0C4}.static_basis|Android.Deploy.0 = static_basis|Android
		{29676444-4D0F-4DD0-9104-0499D94DA2C9}.basis|Android.ActiveCfg = basis|Android
		{29676444-4D0F-4DD0-9104-0499D94DA2C9}.basis|Android.Build.0 = basis|Android
		{29676444-4D0F-4DD0-9104-0499D94DA2C9}.basis|Android.Deploy.0 = basis|Android
		{29676444-4D0F-4DD0-9104-0499D94DA2C9}.codeanalysis|Android.ActiveCfg = basis|Android
		{29676444-4D0F-4DD0-9104-0499D94DA2C9}.codeanalysis|Android.Build.0 = basis|Android
		{29676444-4D0F-4DD0-9104-0499D94DA2C9}.codeanalysis|Android.Deploy.0 = basis|Android
		{29676444-4D0F-4DD0-9104-0499D94DA2C9}.memdleak|Android.ActiveCfg = memdleak|Android
		{29676444-4D0F-4DD0-9104-0499D94DA2C9}.memdleak|Android.Build.0 = memdleak|Android
		{29676444-4D0F-4DD0-9104-0499D94DA2C9}.memdleak|Android.Deploy.0 = memdleak|Android
		{29676444-4D0F-4DD0-9104-0499D94DA2C9}.no_precompiled_header|Android.ActiveCfg = no_precompiled_header|Android
		{29676444-4D0F-4DD0-9104-0499D94DA2C9}.no_precompiled_header|Android.Build.0 = no_precompiled_header|Android
		{29676444-4D0F-4DD0-9104-0499D94DA2C9}.no_precompiled_header|Android.Deploy.0 = no_precompiled_header|Android
		{29676444-4D0F-4DD0-9104-0499D94DA2C9}.profiler|Android.ActiveCfg = profiler|Android
		{29676444-4D0F-4DD0-9104-0499D94DA2C9}.profiler|Android.Build.0 = profiler|Android
		{29676444-4D0F-4DD0-9104-0499D94DA2C9}.profiler|Android.Deploy.0 = profiler|Android
		{29676444-4D0F-4DD0-9104-0499D94DA2C9}.stage|Android.ActiveCfg = stage|Android
		{29676444-4D0F-4DD0-9104-0499D94DA2C9}.stage|Android.Build.0 = stage|Android
		{29676444-4D0F-4DD0-9104-0499D94DA2C9}.stage|Android.Deploy.0 = stage|Android
		{29676444-4D0F-4DD0-9104-0499D94DA2C9}.static_basis|Android.ActiveCfg = static_basis|Android
		{29676444-4D0F-4DD0-9104-0499D94DA2C9}.static_basis|Android.Build.0 = static_basis|Android
		{29676444-4D0F-4DD0-9104-0499D94DA2C9}.static_basis|Android.Deploy.0 = static_basis|Android
	EndGlobalSection
	GlobalSection(SolutionProperties) = preSolution
		HideSolutionNode = FALSE
	EndGlobalSection
EndGlobal
