
Microsoft Visual Studio Solution File, Format Version 12.00
# Visual Studio 14
VisualStudioVersion = 14.0.25420.1
MinimumVisualStudioVersion = 10.0.40219.1
Project("{8BC9CEB8-8B4A-11D0-8D11-00A0C91BC942}") = "aqua", "..\..\..\app\appseed\aqua\nord_aqua.vcxproj", "{BD207BC4-C08B-4A2D-B754-F3BD46AD3098}"
	ProjectSection(ProjectDependencies) = postProject
		{E99C9D52-0709-4ED7-9F14-180B18F66C46} = {E99C9D52-0709-4ED7-9F14-180B18F66C46}
	EndProjectSection
EndProject
Project("{8BC9CEB8-8B4A-11D0-8D11-00A0C91BC942}") = "axis", "..\..\..\app\appseed\axis\nord_axis.vcxproj", "{03207BC4-C08B-4A2D-B754-F3BD46AD3098}"
	ProjectSection(ProjectDependencies) = postProject
		{02207BC4-C08B-4A2D-B754-F3BD46AD3098} = {02207BC4-C08B-4A2D-B754-F3BD46AD3098}
		{BD207BC4-C08B-4A2D-B754-F3BD46AD3098} = {BD207BC4-C08B-4A2D-B754-F3BD46AD3098}
	EndProjectSection
EndProject
Project("{8BC9CEB8-8B4A-11D0-8D11-00A0C91BC942}") = "base", "..\..\..\app\appseed\base\nord_base.vcxproj", "{04207BC4-C08B-4A2D-B754-F3BD46AD3098}"
	ProjectSection(ProjectDependencies) = postProject
		{02207BC4-C08B-4A2D-B754-F3BD46AD3098} = {02207BC4-C08B-4A2D-B754-F3BD46AD3098}
		{03207BC4-C08B-4A2D-B754-F3BD46AD3098} = {03207BC4-C08B-4A2D-B754-F3BD46AD3098}
		{BD207BC4-C08B-4A2D-B754-F3BD46AD3098} = {BD207BC4-C08B-4A2D-B754-F3BD46AD3098}
	EndProjectSection
EndProject
Project("{8BC9CEB8-8B4A-11D0-8D11-00A0C91BC942}") = "core", "..\..\..\app\appseed\core\nord_core.vcxproj", "{16AB3478-F401-43C0-8BF1-A19F28802711}"
	ProjectSection(ProjectDependencies) = postProject
		{02207BC4-C08B-4A2D-B754-F3BD46AD3098} = {02207BC4-C08B-4A2D-B754-F3BD46AD3098}
		{03207BC4-C08B-4A2D-B754-F3BD46AD3098} = {03207BC4-C08B-4A2D-B754-F3BD46AD3098}
		{04207BC4-C08B-4A2D-B754-F3BD46AD3098} = {04207BC4-C08B-4A2D-B754-F3BD46AD3098}
		{BD207BC4-C08B-4A2D-B754-F3BD46AD3098} = {BD207BC4-C08B-4A2D-B754-F3BD46AD3098}
	EndProjectSection
EndProject
Project("{8BC9CEB8-8B4A-11D0-8D11-00A0C91BC942}") = "draw2d_cairo", "..\..\..\app\appseed\draw2d_cairo\nord_draw2d_cairo.vcxproj", "{06207BC4-C08B-4A2D-B754-F3BD46AD3098}"
	ProjectSection(ProjectDependencies) = postProject
		{02207BC4-C08B-4A2D-B754-F3BD46AD3098} = {02207BC4-C08B-4A2D-B754-F3BD46AD3098}
		{03207BC4-C08B-4A2D-B754-F3BD46AD3098} = {03207BC4-C08B-4A2D-B754-F3BD46AD3098}
		{04207BC4-C08B-4A2D-B754-F3BD46AD3098} = {04207BC4-C08B-4A2D-B754-F3BD46AD3098}
	EndProjectSection
EndProject
Project("{8BC9CEB8-8B4A-11D0-8D11-00A0C91BC942}") = "wndfrm_core", "..\..\..\app-core\appseed\wndfrm_core\nord_wndfrm_core.vcxproj", "{0365BD5F-5C57-4DB4-9270-D850D2A84FBB}"
	ProjectSection(ProjectDependencies) = postProject
		{16AB3478-F401-43C0-8BF1-A19F28802711} = {16AB3478-F401-43C0-8BF1-A19F28802711}
		{02207BC4-C08B-4A2D-B754-F3BD46AD3098} = {02207BC4-C08B-4A2D-B754-F3BD46AD3098}
		{03207BC4-C08B-4A2D-B754-F3BD46AD3098} = {03207BC4-C08B-4A2D-B754-F3BD46AD3098}
		{04207BC4-C08B-4A2D-B754-F3BD46AD3098} = {04207BC4-C08B-4A2D-B754-F3BD46AD3098}
	EndProjectSection
EndProject
Project("{8BC9CEB8-8B4A-11D0-8D11-00A0C91BC942}") = "app_core_hellomultiverse", "..\..\..\app-core\appseed\hellomultiverse\nord_core_hellomultiverse.vcxproj", "{85DD443E-1930-4C2D-A917-200E09D871E8}"
	ProjectSection(ProjectDependencies) = postProject
		{16AB3478-F401-43C0-8BF1-A19F28802711} = {16AB3478-F401-43C0-8BF1-A19F28802711}
		{02207BC4-C08B-4A2D-B754-F3BD46AD3098} = {02207BC4-C08B-4A2D-B754-F3BD46AD3098}
		{03207BC4-C08B-4A2D-B754-F3BD46AD3098} = {03207BC4-C08B-4A2D-B754-F3BD46AD3098}
		{04207BC4-C08B-4A2D-B754-F3BD46AD3098} = {04207BC4-C08B-4A2D-B754-F3BD46AD3098}
	EndProjectSection
EndProject
Project("{8BC9CEB8-8B4A-11D0-8D11-00A0C91BC942}") = "aura", "..\..\..\app\appseed\aura\nord_aura.vcxproj", "{02207BC4-C08B-4A2D-B754-F3BD46AD3098}"
	ProjectSection(ProjectDependencies) = postProject
		{BD207BC4-C08B-4A2D-B754-F3BD46AD3098} = {BD207BC4-C08B-4A2D-B754-F3BD46AD3098}
	EndProjectSection
EndProject
Project("{8BC9CEB8-8B4A-11D0-8D11-00A0C91BC942}") = "app.launcher", "..\..\appseed\app.launcher\app.launcher.vcxproj", "{A2A7BC8C-519F-4F38-B7FB-58AF0860D021}"
	ProjectSection(ProjectDependencies) = postProject
		{16AB3478-F401-43C0-8BF1-A19F28802711} = {16AB3478-F401-43C0-8BF1-A19F28802711}
		{02207BC4-C08B-4A2D-B754-F3BD46AD3098} = {02207BC4-C08B-4A2D-B754-F3BD46AD3098}
		{03207BC4-C08B-4A2D-B754-F3BD46AD3098} = {03207BC4-C08B-4A2D-B754-F3BD46AD3098}
		{04207BC4-C08B-4A2D-B754-F3BD46AD3098} = {04207BC4-C08B-4A2D-B754-F3BD46AD3098}
	EndProjectSection
EndProject
Project("{8BC9CEB8-8B4A-11D0-8D11-00A0C91BC942}") = "app.activity", "..\..\appseed\app.activity\app.activity.vcxproj", "{0CEBDB3A-CC7E-4237-8448-FC56095B2173}"
	ProjectSection(ProjectDependencies) = postProject
		{85DD443E-1930-4C2D-A917-200E09D871E8} = {85DD443E-1930-4C2D-A917-200E09D871E8}
		{0365BD5F-5C57-4DB4-9270-D850D2A84FBB} = {0365BD5F-5C57-4DB4-9270-D850D2A84FBB}
		{16AB3478-F401-43C0-8BF1-A19F28802711} = {16AB3478-F401-43C0-8BF1-A19F28802711}
		{A2A7BC8C-519F-4F38-B7FB-58AF0860D021} = {A2A7BC8C-519F-4F38-B7FB-58AF0860D021}
		{02207BC4-C08B-4A2D-B754-F3BD46AD3098} = {02207BC4-C08B-4A2D-B754-F3BD46AD3098}
		{03207BC4-C08B-4A2D-B754-F3BD46AD3098} = {03207BC4-C08B-4A2D-B754-F3BD46AD3098}
		{04207BC4-C08B-4A2D-B754-F3BD46AD3098} = {04207BC4-C08B-4A2D-B754-F3BD46AD3098}
		{06207BC4-C08B-4A2D-B754-F3BD46AD3098} = {06207BC4-C08B-4A2D-B754-F3BD46AD3098}
		{BD207BC4-C08B-4A2D-B754-F3BD46AD3098} = {BD207BC4-C08B-4A2D-B754-F3BD46AD3098}
	EndProjectSection
EndProject
Project("{39E2626F-3545-4960-A6E8-258AD8476CE5}") = "nord_app_core_hellomultiverse", "..\..\appseed\app\nord_app_core_hellomultiverse.androidproj", "{19841115-1951-0422-AF6D-98A0656F2704}"
EndProject
Project("{8BC9CEB8-8B4A-11D0-8D11-00A0C91BC942}") = "gcom", "..\..\..\app-core\appseed\gcom\nord_gcom.vcxproj", "{7F61A6F3-4ED9-4460-9270-4EA7CB00E634}"
	ProjectSection(ProjectDependencies) = postProject
		{16AB3478-F401-43C0-8BF1-A19F28802711} = {16AB3478-F401-43C0-8BF1-A19F28802711}
		{02207BC4-C08B-4A2D-B754-F3BD46AD3098} = {02207BC4-C08B-4A2D-B754-F3BD46AD3098}
		{03207BC4-C08B-4A2D-B754-F3BD46AD3098} = {03207BC4-C08B-4A2D-B754-F3BD46AD3098}
		{04207BC4-C08B-4A2D-B754-F3BD46AD3098} = {04207BC4-C08B-4A2D-B754-F3BD46AD3098}
	EndProjectSection
EndProject
Project("{8BC9CEB8-8B4A-11D0-8D11-00A0C91BC942}") = "ace", "..\..\..\app\appseed\ace\nord_ace.vcxproj", "{E99C9D52-0709-4ED7-9F14-180B18F66C46}"
EndProject
Project("{8BC9CEB8-8B4A-11D0-8D11-00A0C91BC942}") = "WelsVP", "..\..\..\third\appseed\openh264\nord_WelsVP.vcxproj", "{C8901976-D974-4D41-9CFE-5A2A1D4E4BEE}"
EndProject
Project("{8BC9CEB8-8B4A-11D0-8D11-00A0C91BC942}") = "WelsEncPlus", "..\..\..\third\appseed\openh264\nord_WelsEncPlus.vcxproj", "{210DA5C4-9B97-4C41-A2BB-C7B04801F5CE}"
EndProject
Project("{8BC9CEB8-8B4A-11D0-8D11-00A0C91BC942}") = "_welsenccore", "..\..\..\third\appseed\openh264\nord_WelsEncCore.vcxproj", "{8B54FB04-F0CC-4DA4-8B90-3473EE947C36}"
EndProject
Project("{8BC9CEB8-8B4A-11D0-8D11-00A0C91BC942}") = "WelsDecCore", "..\..\..\third\appseed\openh264\nord_WelsDecCore.vcxproj", "{D39E38E1-718F-4276-9306-5B197A324969}"
EndProject
Project("{8BC9CEB8-8B4A-11D0-8D11-00A0C91BC942}") = "welsdecplus", "..\..\..\third\appseed\openh264\nord_WelsDecPlus.vcxproj", "{23D2F9B1-664A-4106-AD0A-5BAAEA70776C}"
EndProject
Global
	GlobalSection(SolutionConfigurationPlatforms) = preSolution
		basis|ARM = basis|ARM
		basis|x64 = basis|x64
		basis|x86 = basis|x86
		stage|ARM = stage|ARM
		stage|x64 = stage|x64
		stage|x86 = stage|x86
	EndGlobalSection
	GlobalSection(ProjectConfigurationPlatforms) = postSolution
		{BD207BC4-C08B-4A2D-B754-F3BD46AD3098}.basis|ARM.ActiveCfg = basis|ARM
		{BD207BC4-C08B-4A2D-B754-F3BD46AD3098}.basis|ARM.Build.0 = basis|ARM
		{BD207BC4-C08B-4A2D-B754-F3BD46AD3098}.basis|x64.ActiveCfg = basis|x86
		{BD207BC4-C08B-4A2D-B754-F3BD46AD3098}.basis|x86.ActiveCfg = basis|x86
		{BD207BC4-C08B-4A2D-B754-F3BD46AD3098}.basis|x86.Build.0 = basis|x86
		{BD207BC4-C08B-4A2D-B754-F3BD46AD3098}.stage|ARM.ActiveCfg = stage|ARM
		{BD207BC4-C08B-4A2D-B754-F3BD46AD3098}.stage|ARM.Build.0 = stage|ARM
		{BD207BC4-C08B-4A2D-B754-F3BD46AD3098}.stage|x64.ActiveCfg = stage|x86
		{BD207BC4-C08B-4A2D-B754-F3BD46AD3098}.stage|x86.ActiveCfg = stage|x86
		{BD207BC4-C08B-4A2D-B754-F3BD46AD3098}.stage|x86.Build.0 = stage|x86
		{03207BC4-C08B-4A2D-B754-F3BD46AD3098}.basis|ARM.ActiveCfg = basis|ARM
		{03207BC4-C08B-4A2D-B754-F3BD46AD3098}.basis|ARM.Build.0 = basis|ARM
		{03207BC4-C08B-4A2D-B754-F3BD46AD3098}.basis|x64.ActiveCfg = basis|x86
		{03207BC4-C08B-4A2D-B754-F3BD46AD3098}.basis|x86.ActiveCfg = basis|x86
		{03207BC4-C08B-4A2D-B754-F3BD46AD3098}.basis|x86.Build.0 = basis|x86
		{03207BC4-C08B-4A2D-B754-F3BD46AD3098}.stage|ARM.ActiveCfg = stage|ARM
		{03207BC4-C08B-4A2D-B754-F3BD46AD3098}.stage|ARM.Build.0 = stage|ARM
		{03207BC4-C08B-4A2D-B754-F3BD46AD3098}.stage|x64.ActiveCfg = stage|x86
		{03207BC4-C08B-4A2D-B754-F3BD46AD3098}.stage|x86.ActiveCfg = stage|x86
		{03207BC4-C08B-4A2D-B754-F3BD46AD3098}.stage|x86.Build.0 = stage|x86
		{04207BC4-C08B-4A2D-B754-F3BD46AD3098}.basis|ARM.ActiveCfg = basis|ARM
		{04207BC4-C08B-4A2D-B754-F3BD46AD3098}.basis|ARM.Build.0 = basis|ARM
		{04207BC4-C08B-4A2D-B754-F3BD46AD3098}.basis|x64.ActiveCfg = basis|x86
		{04207BC4-C08B-4A2D-B754-F3BD46AD3098}.basis|x86.ActiveCfg = basis|x86
		{04207BC4-C08B-4A2D-B754-F3BD46AD3098}.basis|x86.Build.0 = basis|x86
		{04207BC4-C08B-4A2D-B754-F3BD46AD3098}.stage|ARM.ActiveCfg = stage|ARM
		{04207BC4-C08B-4A2D-B754-F3BD46AD3098}.stage|ARM.Build.0 = stage|ARM
		{04207BC4-C08B-4A2D-B754-F3BD46AD3098}.stage|x64.ActiveCfg = stage|x86
		{04207BC4-C08B-4A2D-B754-F3BD46AD3098}.stage|x86.ActiveCfg = stage|x86
		{04207BC4-C08B-4A2D-B754-F3BD46AD3098}.stage|x86.Build.0 = stage|x86
		{16AB3478-F401-43C0-8BF1-A19F28802711}.basis|ARM.ActiveCfg = basis|ARM
		{16AB3478-F401-43C0-8BF1-A19F28802711}.basis|ARM.Build.0 = basis|ARM
		{16AB3478-F401-43C0-8BF1-A19F28802711}.basis|x64.ActiveCfg = basis|x86
		{16AB3478-F401-43C0-8BF1-A19F28802711}.basis|x86.ActiveCfg = basis|x86
		{16AB3478-F401-43C0-8BF1-A19F28802711}.basis|x86.Build.0 = basis|x86
		{16AB3478-F401-43C0-8BF1-A19F28802711}.stage|ARM.ActiveCfg = stage|ARM
		{16AB3478-F401-43C0-8BF1-A19F28802711}.stage|ARM.Build.0 = stage|ARM
		{16AB3478-F401-43C0-8BF1-A19F28802711}.stage|x64.ActiveCfg = stage|x86
		{16AB3478-F401-43C0-8BF1-A19F28802711}.stage|x86.ActiveCfg = stage|x86
		{16AB3478-F401-43C0-8BF1-A19F28802711}.stage|x86.Build.0 = stage|x86
		{06207BC4-C08B-4A2D-B754-F3BD46AD3098}.basis|ARM.ActiveCfg = basis|ARM
		{06207BC4-C08B-4A2D-B754-F3BD46AD3098}.basis|ARM.Build.0 = basis|ARM
		{06207BC4-C08B-4A2D-B754-F3BD46AD3098}.basis|x64.ActiveCfg = basis|x86
		{06207BC4-C08B-4A2D-B754-F3BD46AD3098}.basis|x86.ActiveCfg = basis|x86
		{06207BC4-C08B-4A2D-B754-F3BD46AD3098}.basis|x86.Build.0 = basis|x86
		{06207BC4-C08B-4A2D-B754-F3BD46AD3098}.stage|ARM.ActiveCfg = stage|ARM
		{06207BC4-C08B-4A2D-B754-F3BD46AD3098}.stage|ARM.Build.0 = stage|ARM
		{06207BC4-C08B-4A2D-B754-F3BD46AD3098}.stage|x64.ActiveCfg = stage|x86
		{06207BC4-C08B-4A2D-B754-F3BD46AD3098}.stage|x86.ActiveCfg = stage|x86
		{06207BC4-C08B-4A2D-B754-F3BD46AD3098}.stage|x86.Build.0 = stage|x86
		{0365BD5F-5C57-4DB4-9270-D850D2A84FBB}.basis|ARM.ActiveCfg = basis|ARM
		{0365BD5F-5C57-4DB4-9270-D850D2A84FBB}.basis|ARM.Build.0 = basis|ARM
		{0365BD5F-5C57-4DB4-9270-D850D2A84FBB}.basis|x64.ActiveCfg = basis|x86
		{0365BD5F-5C57-4DB4-9270-D850D2A84FBB}.basis|x86.ActiveCfg = basis|x86
		{0365BD5F-5C57-4DB4-9270-D850D2A84FBB}.basis|x86.Build.0 = basis|x86
		{0365BD5F-5C57-4DB4-9270-D850D2A84FBB}.stage|ARM.ActiveCfg = stage|ARM
		{0365BD5F-5C57-4DB4-9270-D850D2A84FBB}.stage|ARM.Build.0 = stage|ARM
		{0365BD5F-5C57-4DB4-9270-D850D2A84FBB}.stage|x64.ActiveCfg = stage|x86
		{0365BD5F-5C57-4DB4-9270-D850D2A84FBB}.stage|x86.ActiveCfg = stage|x86
		{0365BD5F-5C57-4DB4-9270-D850D2A84FBB}.stage|x86.Build.0 = stage|x86
		{85DD443E-1930-4C2D-A917-200E09D871E8}.basis|ARM.ActiveCfg = basis|ARM
		{85DD443E-1930-4C2D-A917-200E09D871E8}.basis|ARM.Build.0 = basis|ARM
		{85DD443E-1930-4C2D-A917-200E09D871E8}.basis|x64.ActiveCfg = basis|x86
		{85DD443E-1930-4C2D-A917-200E09D871E8}.basis|x86.ActiveCfg = basis|x86
		{85DD443E-1930-4C2D-A917-200E09D871E8}.basis|x86.Build.0 = basis|x86
		{85DD443E-1930-4C2D-A917-200E09D871E8}.stage|ARM.ActiveCfg = stage|ARM
		{85DD443E-1930-4C2D-A917-200E09D871E8}.stage|ARM.Build.0 = stage|ARM
		{85DD443E-1930-4C2D-A917-200E09D871E8}.stage|x64.ActiveCfg = stage|x86
		{85DD443E-1930-4C2D-A917-200E09D871E8}.stage|x86.ActiveCfg = stage|x86
		{85DD443E-1930-4C2D-A917-200E09D871E8}.stage|x86.Build.0 = stage|x86
		{02207BC4-C08B-4A2D-B754-F3BD46AD3098}.basis|ARM.ActiveCfg = basis|ARM
		{02207BC4-C08B-4A2D-B754-F3BD46AD3098}.basis|ARM.Build.0 = basis|ARM
		{02207BC4-C08B-4A2D-B754-F3BD46AD3098}.basis|x64.ActiveCfg = basis|x86
		{02207BC4-C08B-4A2D-B754-F3BD46AD3098}.basis|x86.ActiveCfg = basis|x86
		{02207BC4-C08B-4A2D-B754-F3BD46AD3098}.basis|x86.Build.0 = basis|x86
		{02207BC4-C08B-4A2D-B754-F3BD46AD3098}.stage|ARM.ActiveCfg = stage|ARM
		{02207BC4-C08B-4A2D-B754-F3BD46AD3098}.stage|ARM.Build.0 = stage|ARM
		{02207BC4-C08B-4A2D-B754-F3BD46AD3098}.stage|x64.ActiveCfg = stage|x86
		{02207BC4-C08B-4A2D-B754-F3BD46AD3098}.stage|x86.ActiveCfg = stage|x86
		{02207BC4-C08B-4A2D-B754-F3BD46AD3098}.stage|x86.Build.0 = stage|x86
		{A2A7BC8C-519F-4F38-B7FB-58AF0860D021}.basis|ARM.ActiveCfg = basis|ARM
		{A2A7BC8C-519F-4F38-B7FB-58AF0860D021}.basis|ARM.Build.0 = basis|ARM
		{A2A7BC8C-519F-4F38-B7FB-58AF0860D021}.basis|x64.ActiveCfg = basis|x86
		{A2A7BC8C-519F-4F38-B7FB-58AF0860D021}.basis|x86.ActiveCfg = basis|x86
		{A2A7BC8C-519F-4F38-B7FB-58AF0860D021}.basis|x86.Build.0 = basis|x86
		{A2A7BC8C-519F-4F38-B7FB-58AF0860D021}.stage|ARM.ActiveCfg = stage|ARM
		{A2A7BC8C-519F-4F38-B7FB-58AF0860D021}.stage|ARM.Build.0 = stage|ARM
		{A2A7BC8C-519F-4F38-B7FB-58AF0860D021}.stage|x64.ActiveCfg = stage|x86
		{A2A7BC8C-519F-4F38-B7FB-58AF0860D021}.stage|x86.ActiveCfg = stage|x86
		{A2A7BC8C-519F-4F38-B7FB-58AF0860D021}.stage|x86.Build.0 = stage|x86
		{0CEBDB3A-CC7E-4237-8448-FC56095B2173}.basis|ARM.ActiveCfg = basis|ARM
		{0CEBDB3A-CC7E-4237-8448-FC56095B2173}.basis|ARM.Build.0 = basis|ARM
		{0CEBDB3A-CC7E-4237-8448-FC56095B2173}.basis|x64.ActiveCfg = basis|x86
		{0CEBDB3A-CC7E-4237-8448-FC56095B2173}.basis|x86.ActiveCfg = basis|x86
		{0CEBDB3A-CC7E-4237-8448-FC56095B2173}.basis|x86.Build.0 = basis|x86
		{0CEBDB3A-CC7E-4237-8448-FC56095B2173}.stage|ARM.ActiveCfg = stage|ARM
		{0CEBDB3A-CC7E-4237-8448-FC56095B2173}.stage|ARM.Build.0 = stage|ARM
		{0CEBDB3A-CC7E-4237-8448-FC56095B2173}.stage|x64.ActiveCfg = stage|x86
		{0CEBDB3A-CC7E-4237-8448-FC56095B2173}.stage|x86.ActiveCfg = stage|x86
		{0CEBDB3A-CC7E-4237-8448-FC56095B2173}.stage|x86.Build.0 = stage|x86
		{19841115-1951-0422-AF6D-98A0656F2704}.basis|ARM.ActiveCfg = basis|ARM
		{19841115-1951-0422-AF6D-98A0656F2704}.basis|ARM.Build.0 = basis|ARM
		{19841115-1951-0422-AF6D-98A0656F2704}.basis|ARM.Deploy.0 = basis|ARM
		{19841115-1951-0422-AF6D-98A0656F2704}.basis|x64.ActiveCfg = basis|x86
		{19841115-1951-0422-AF6D-98A0656F2704}.basis|x86.ActiveCfg = basis|x86
		{19841115-1951-0422-AF6D-98A0656F2704}.basis|x86.Build.0 = basis|x86
		{19841115-1951-0422-AF6D-98A0656F2704}.basis|x86.Deploy.0 = basis|x86
		{19841115-1951-0422-AF6D-98A0656F2704}.stage|ARM.ActiveCfg = stage|ARM
		{19841115-1951-0422-AF6D-98A0656F2704}.stage|ARM.Build.0 = stage|ARM
		{19841115-1951-0422-AF6D-98A0656F2704}.stage|ARM.Deploy.0 = stage|ARM
		{19841115-1951-0422-AF6D-98A0656F2704}.stage|x64.ActiveCfg = stage|x86
		{19841115-1951-0422-AF6D-98A0656F2704}.stage|x86.ActiveCfg = stage|x86
		{19841115-1951-0422-AF6D-98A0656F2704}.stage|x86.Build.0 = stage|x86
		{19841115-1951-0422-AF6D-98A0656F2704}.stage|x86.Deploy.0 = stage|x86
		{7F61A6F3-4ED9-4460-9270-4EA7CB00E634}.basis|ARM.ActiveCfg = basis|ARM
		{7F61A6F3-4ED9-4460-9270-4EA7CB00E634}.basis|ARM.Build.0 = basis|ARM
		{7F61A6F3-4ED9-4460-9270-4EA7CB00E634}.basis|x64.ActiveCfg = basis|x86
		{7F61A6F3-4ED9-4460-9270-4EA7CB00E634}.basis|x86.ActiveCfg = basis|x86
		{7F61A6F3-4ED9-4460-9270-4EA7CB00E634}.basis|x86.Build.0 = basis|x86
		{7F61A6F3-4ED9-4460-9270-4EA7CB00E634}.stage|ARM.ActiveCfg = stage|ARM
		{7F61A6F3-4ED9-4460-9270-4EA7CB00E634}.stage|ARM.Build.0 = stage|ARM
		{7F61A6F3-4ED9-4460-9270-4EA7CB00E634}.stage|x64.ActiveCfg = stage|x86
		{7F61A6F3-4ED9-4460-9270-4EA7CB00E634}.stage|x86.ActiveCfg = stage|x86
		{7F61A6F3-4ED9-4460-9270-4EA7CB00E634}.stage|x86.Build.0 = stage|x86
		{E99C9D52-0709-4ED7-9F14-180B18F66C46}.basis|ARM.ActiveCfg = basis|ARM
		{E99C9D52-0709-4ED7-9F14-180B18F66C46}.basis|ARM.Build.0 = basis|ARM
		{E99C9D52-0709-4ED7-9F14-180B18F66C46}.basis|x64.ActiveCfg = basis|x86
		{E99C9D52-0709-4ED7-9F14-180B18F66C46}.basis|x86.ActiveCfg = basis|x86
		{E99C9D52-0709-4ED7-9F14-180B18F66C46}.basis|x86.Build.0 = basis|x86
		{E99C9D52-0709-4ED7-9F14-180B18F66C46}.stage|ARM.ActiveCfg = stage|ARM
		{E99C9D52-0709-4ED7-9F14-180B18F66C46}.stage|ARM.Build.0 = stage|ARM
		{E99C9D52-0709-4ED7-9F14-180B18F66C46}.stage|x64.ActiveCfg = stage|x86
		{E99C9D52-0709-4ED7-9F14-180B18F66C46}.stage|x86.ActiveCfg = stage|x86
		{E99C9D52-0709-4ED7-9F14-180B18F66C46}.stage|x86.Build.0 = stage|x86
		{C8901976-D974-4D41-9CFE-5A2A1D4E4BEE}.basis|ARM.ActiveCfg = basis|ARM
		{C8901976-D974-4D41-9CFE-5A2A1D4E4BEE}.basis|ARM.Build.0 = basis|ARM
		{C8901976-D974-4D41-9CFE-5A2A1D4E4BEE}.basis|x64.ActiveCfg = basis|x86
		{C8901976-D974-4D41-9CFE-5A2A1D4E4BEE}.basis|x86.ActiveCfg = basis|x86
		{C8901976-D974-4D41-9CFE-5A2A1D4E4BEE}.basis|x86.Build.0 = basis|x86
		{C8901976-D974-4D41-9CFE-5A2A1D4E4BEE}.stage|ARM.ActiveCfg = stage|ARM
		{C8901976-D974-4D41-9CFE-5A2A1D4E4BEE}.stage|ARM.Build.0 = stage|ARM
		{C8901976-D974-4D41-9CFE-5A2A1D4E4BEE}.stage|x64.ActiveCfg = stage|x86
		{C8901976-D974-4D41-9CFE-5A2A1D4E4BEE}.stage|x86.ActiveCfg = stage|x86
		{C8901976-D974-4D41-9CFE-5A2A1D4E4BEE}.stage|x86.Build.0 = stage|x86
		{210DA5C4-9B97-4C41-A2BB-C7B04801F5CE}.basis|ARM.ActiveCfg = basis|ARM
		{210DA5C4-9B97-4C41-A2BB-C7B04801F5CE}.basis|ARM.Build.0 = basis|ARM
		{210DA5C4-9B97-4C41-A2BB-C7B04801F5CE}.basis|x64.ActiveCfg = basis|x86
		{210DA5C4-9B97-4C41-A2BB-C7B04801F5CE}.basis|x86.ActiveCfg = basis|x86
		{210DA5C4-9B97-4C41-A2BB-C7B04801F5CE}.basis|x86.Build.0 = basis|x86
		{210DA5C4-9B97-4C41-A2BB-C7B04801F5CE}.stage|ARM.ActiveCfg = stage|ARM
		{210DA5C4-9B97-4C41-A2BB-C7B04801F5CE}.stage|ARM.Build.0 = stage|ARM
		{210DA5C4-9B97-4C41-A2BB-C7B04801F5CE}.stage|x64.ActiveCfg = stage|x86
		{210DA5C4-9B97-4C41-A2BB-C7B04801F5CE}.stage|x86.ActiveCfg = stage|x86
		{210DA5C4-9B97-4C41-A2BB-C7B04801F5CE}.stage|x86.Build.0 = stage|x86
		{8B54FB04-F0CC-4DA4-8B90-3473EE947C36}.basis|ARM.ActiveCfg = basis|ARM
		{8B54FB04-F0CC-4DA4-8B90-3473EE947C36}.basis|ARM.Build.0 = basis|ARM
		{8B54FB04-F0CC-4DA4-8B90-3473EE947C36}.basis|x64.ActiveCfg = basis|x86
		{8B54FB04-F0CC-4DA4-8B90-3473EE947C36}.basis|x86.ActiveCfg = basis|x86
		{8B54FB04-F0CC-4DA4-8B90-3473EE947C36}.basis|x86.Build.0 = basis|x86
		{8B54FB04-F0CC-4DA4-8B90-3473EE947C36}.stage|ARM.ActiveCfg = stage|ARM
		{8B54FB04-F0CC-4DA4-8B90-3473EE947C36}.stage|ARM.Build.0 = stage|ARM
		{8B54FB04-F0CC-4DA4-8B90-3473EE947C36}.stage|x64.ActiveCfg = stage|x86
		{8B54FB04-F0CC-4DA4-8B90-3473EE947C36}.stage|x86.ActiveCfg = stage|x86
		{8B54FB04-F0CC-4DA4-8B90-3473EE947C36}.stage|x86.Build.0 = stage|x86
		{D39E38E1-718F-4276-9306-5B197A324969}.basis|ARM.ActiveCfg = basis|ARM
		{D39E38E1-718F-4276-9306-5B197A324969}.basis|ARM.Build.0 = basis|ARM
		{D39E38E1-718F-4276-9306-5B197A324969}.basis|x64.ActiveCfg = basis|x86
		{D39E38E1-718F-4276-9306-5B197A324969}.basis|x86.ActiveCfg = basis|x86
		{D39E38E1-718F-4276-9306-5B197A324969}.basis|x86.Build.0 = basis|x86
		{D39E38E1-718F-4276-9306-5B197A324969}.stage|ARM.ActiveCfg = stage|ARM
		{D39E38E1-718F-4276-9306-5B197A324969}.stage|ARM.Build.0 = stage|ARM
		{D39E38E1-718F-4276-9306-5B197A324969}.stage|x64.ActiveCfg = stage|x86
		{D39E38E1-718F-4276-9306-5B197A324969}.stage|x86.ActiveCfg = stage|x86
		{D39E38E1-718F-4276-9306-5B197A324969}.stage|x86.Build.0 = stage|x86
		{23D2F9B1-664A-4106-AD0A-5BAAEA70776C}.basis|ARM.ActiveCfg = basis|ARM
		{23D2F9B1-664A-4106-AD0A-5BAAEA70776C}.basis|ARM.Build.0 = basis|ARM
		{23D2F9B1-664A-4106-AD0A-5BAAEA70776C}.basis|x64.ActiveCfg = basis|x86
		{23D2F9B1-664A-4106-AD0A-5BAAEA70776C}.basis|x86.ActiveCfg = basis|x86
		{23D2F9B1-664A-4106-AD0A-5BAAEA70776C}.basis|x86.Build.0 = basis|x86
		{23D2F9B1-664A-4106-AD0A-5BAAEA70776C}.stage|ARM.ActiveCfg = stage|ARM
		{23D2F9B1-664A-4106-AD0A-5BAAEA70776C}.stage|ARM.Build.0 = stage|ARM
		{23D2F9B1-664A-4106-AD0A-5BAAEA70776C}.stage|x64.ActiveCfg = stage|x86
		{23D2F9B1-664A-4106-AD0A-5BAAEA70776C}.stage|x86.ActiveCfg = stage|x86
		{23D2F9B1-664A-4106-AD0A-5BAAEA70776C}.stage|x86.Build.0 = stage|x86
	EndGlobalSection
	GlobalSection(SolutionProperties) = preSolution
		HideSolutionNode = FALSE
	EndGlobalSection
EndGlobal
