<?xml version="1.0" encoding="utf-8"?>
<Project ToolsVersion="4.0" xmlns="http://schemas.microsoft.com/developer/msbuild/2003">
  <ItemGroup>
    <Filter Include="Source Files">
      <UniqueIdentifier>{954ff0ad-f6ee-4de6-9851-289f58de1ba6}</UniqueIdentifier>
      <Extensions>cpp;c;cxx;rc;def;r;odl;idl;hpj;bat</Extensions>
    </Filter>
    <Filter Include="Header Files">
      <UniqueIdentifier>{740b13d3-bf25-4793-a3e0-4d13e3e71c4a}</UniqueIdentifier>
      <Extensions>h;hpp;hxx;hm;inl</Extensions>
    </Filter>
    <Filter Include="External Include">
      <UniqueIdentifier>{4718090b-859b-4c99-b88b-2b479297146a}</UniqueIdentifier>
    </Filter>
    <Filter Include="Header Files\template">
      <UniqueIdentifier>{b02f2645-ac58-4f2a-a210-3f7d7511ffce}</UniqueIdentifier>
    </Filter>
    <Filter Include="Header Files\operational_system">
      <UniqueIdentifier>{319bdce1-9cb8-4190-be41-67f103cc0516}</UniqueIdentifier>
    </Filter>
    <Filter Include="Header Files\operational_system\cross">
      <UniqueIdentifier>{7ba25e46-b0fc-4f42-b1aa-1fc780370353}</UniqueIdentifier>
    </Filter>
    <Filter Include="Header Files\operational_system\cross\general">
      <UniqueIdentifier>{d6be4fad-8c6b-4418-9f9c-e5e66f1f34aa}</UniqueIdentifier>
    </Filter>
    <Filter Include="Header Files\operational_system\cross\linux">
      <UniqueIdentifier>{474232c1-9519-4032-b9c4-25c8d63fddbc}</UniqueIdentifier>
    </Filter>
  </ItemGroup>
  <ItemGroup>
    <ClCompile Include="afxabort.cpp">
      <Filter>Source Files</Filter>
    </ClCompile>
    <ClCompile Include="afxmem.cpp">
      <Filter>Source Files</Filter>
    </ClCompile>
    <ClCompile Include="afxstate.cpp">
      <Filter>Source Files</Filter>
    </ClCompile>
    <ClCompile Include="appcore.cpp">
      <Filter>Source Files</Filter>
    </ClCompile>
    <ClCompile Include="appinit.cpp">
      <Filter>Source Files</Filter>
    </ClCompile>
    <ClCompile Include="application.cpp">
      <Filter>Source Files</Filter>
    </ClCompile>
    <ClCompile Include="appmodul.cpp">
      <Filter>Source Files</Filter>
    </ClCompile>
    <ClCompile Include="appterm.cpp">
      <Filter>Source Files</Filter>
    </ClCompile>
    <ClCompile Include="bitmap.cpp">
      <Filter>Source Files</Filter>
    </ClCompile>
    <ClCompile Include="brush.cpp">
      <Filter>Source Files</Filter>
    </ClCompile>
    <ClCompile Include="dib.cpp">
      <Filter>Source Files</Filter>
    </ClCompile>
    <ClCompile Include="dir.cpp">
      <Filter>Source Files</Filter>
    </ClCompile>
    <ClCompile Include="draw_dib.cpp">
      <Filter>Source Files</Filter>
    </ClCompile>
    <ClCompile Include="dumpinit.cpp">
      <Filter>Source Files</Filter>
    </ClCompile>
    <ClCompile Include="except.cpp">
      <Filter>Source Files</Filter>
    </ClCompile>
    <ClCompile Include="factory_exchange.cpp">
      <Filter>Source Files</Filter>
    </ClCompile>
    <ClCompile Include="font.cpp">
      <Filter>Source Files</Filter>
    </ClCompile>
    <ClCompile Include="genResource.cpp">
      <Filter>Source Files</Filter>
    </ClCompile>
    <ClCompile Include="graphics.cpp">
      <Filter>Source Files</Filter>
    </ClCompile>
    <ClCompile Include="graphics_object.cpp">
      <Filter>Source Files</Filter>
    </ClCompile>
    <ClCompile Include="handle.cpp">
      <Filter>Source Files</Filter>
    </ClCompile>
    <ClCompile Include="main.cpp">
      <Filter>Source Files</Filter>
    </ClCompile>
    <ClCompile Include="palette.cpp">
      <Filter>Source Files</Filter>
    </ClCompile>
    <ClCompile Include="pen.cpp">
      <Filter>Source Files</Filter>
    </ClCompile>
    <ClCompile Include="preview_dc.cpp">
      <Filter>Source Files</Filter>
    </ClCompile>
    <ClCompile Include="thread.cpp">
      <Filter>Source Files</Filter>
    </ClCompile>
    <ClCompile Include="thread_local_storage.cpp">
      <Filter>Source Files</Filter>
    </ClCompile>
    <ClCompile Include="UACTools.cpp">
      <Filter>Source Files</Filter>
    </ClCompile>
    <ClCompile Include="util.cpp">
      <Filter>Source Files</Filter>
    </ClCompile>
    <ClCompile Include="WFileFind.cpp">
      <Filter>Source Files</Filter>
    </ClCompile>
    <ClCompile Include="window.cpp">
      <Filter>Source Files</Filter>
    </ClCompile>
    <ClCompile Include="window_draw.cpp">
      <Filter>Source Files</Filter>
    </ClCompile>
    <ClCompile Include="trace.cpp">
      <Filter>Source Files</Filter>
    </ClCompile>
    <ClCompile Include="folder_watch.cpp">
      <Filter>Source Files</Filter>
    </ClCompile>
    <ClCompile Include="port_forward.cpp">
      <Filter>Source Files</Filter>
    </ClCompile>
    <ClCompile Include="ip_enum.cpp">
      <Filter>Source Files</Filter>
    </ClCompile>
    <ClCompile Include="LinuxShell.cpp">
      <Filter>Source Files</Filter>
    </ClCompile>
    <ClCompile Include="lnx.cpp">
      <Filter>Source Files</Filter>
    </ClCompile>
    <ClCompile Include="lnx1.cpp">
      <Filter>Source Files</Filter>
    </ClCompile>
    <ClCompile Include="lnx2.cpp">
      <Filter>Source Files</Filter>
    </ClCompile>
    <ClCompile Include="LnxBrush.cpp">
      <Filter>Source Files</Filter>
    </ClCompile>
    <ClCompile Include="LnxFile.cpp">
      <Filter>Source Files</Filter>
    </ClCompile>
    <ClCompile Include="LnxFileSet.cpp">
      <Filter>Source Files</Filter>
    </ClCompile>
    <ClCompile Include="LnxFileSystem.cpp">
      <Filter>Source Files</Filter>
    </ClCompile>
    <ClCompile Include="LnxResource.cpp">
      <Filter>Source Files</Filter>
    </ClCompile>
    <ClCompile Include="LnxStdioFile.cpp">
      <Filter>Source Files</Filter>
    </ClCompile>
    <ClCompile Include="lnx_error.cpp">
      <Filter>Source Files</Filter>
    </ClCompile>
    <ClCompile Include="osi.cpp">
      <Filter>Source Files</Filter>
    </ClCompile>
    <ClCompile Include="rgn.cpp">
      <Filter>Source Files</Filter>
    </ClCompile>
    <ClCompile Include="StdAfx.cpp">
      <Filter>Source Files</Filter>
    </ClCompile>
  </ItemGroup>
  <ItemGroup>
    <ClInclude Include="application.h">
      <Filter>Header Files</Filter>
    </ClInclude>
    <ClInclude Include="bitmap.h">
      <Filter>Header Files</Filter>
    </ClInclude>
    <ClInclude Include="brush.h">
      <Filter>Header Files</Filter>
    </ClInclude>
    <ClInclude Include="dib.h">
      <Filter>Header Files</Filter>
    </ClInclude>
    <ClInclude Include="dir.h">
      <Filter>Header Files</Filter>
    </ClInclude>
    <ClInclude Include="draw_dib.h">
      <Filter>Header Files</Filter>
    </ClInclude>
    <ClInclude Include="factory_exchange.h">
      <Filter>Header Files</Filter>
    </ClInclude>
    <ClInclude Include="font.h">
      <Filter>Header Files</Filter>
    </ClInclude>
    <ClInclude Include="gen_1.h">
      <Filter>Header Files</Filter>
    </ClInclude>
    <ClInclude Include="graphics.h">
      <Filter>Header Files</Filter>
    </ClInclude>
    <ClInclude Include="graphics_object.h">
      <Filter>Header Files</Filter>
    </ClInclude>
    <ClInclude Include="handle.h">
      <Filter>Header Files</Filter>
    </ClInclude>
    <ClInclude Include="implementation.h">
      <Filter>Header Files</Filter>
    </ClInclude>
    <ClInclude Include="palette.h">
      <Filter>Header Files</Filter>
    </ClInclude>
    <ClInclude Include="pen.h">
      <Filter>Header Files</Filter>
    </ClInclude>
    <ClInclude Include="state.h">
      <Filter>Header Files</Filter>
    </ClInclude>
    <ClInclude Include="thread.h">
      <Filter>Header Files</Filter>
    </ClInclude>
    <ClInclude Include="thread_slots.h">
      <Filter>Header Files</Filter>
    </ClInclude>
    <ClInclude Include="UACTools.h">
      <Filter>Header Files</Filter>
    </ClInclude>
    <ClInclude Include="WFileFind.h">
      <Filter>Header Files</Filter>
    </ClInclude>
    <ClInclude Include="window.h">
      <Filter>Header Files</Filter>
    </ClInclude>
    <ClInclude Include="window_draw.h">
      <Filter>Header Files</Filter>
    </ClInclude>
    <ClInclude Include="..\include\win.h">
      <Filter>External Include</Filter>
    </ClInclude>
    <ClInclude Include="..\include\win32_system.h">
      <Filter>External Include</Filter>
    </ClInclude>
    <ClInclude Include="folder_watch.h">
      <Filter>Header Files</Filter>
    </ClInclude>
    <ClInclude Include="port_forward.h">
      <Filter>Header Files</Filter>
    </ClInclude>
    <ClInclude Include="ip_enum.h">
      <Filter>Header Files</Filter>
    </ClInclude>
    <ClInclude Include="..\operational_system\_.h">
      <Filter>Header Files\operational_system</Filter>
    </ClInclude>
    <ClInclude Include="..\operational_system\bare_operational_system.h">
      <Filter>Header Files\operational_system</Filter>
    </ClInclude>
    <ClInclude Include="..\operational_system\get_platform.h">
      <Filter>Header Files\operational_system</Filter>
    </ClInclude>
    <ClInclude Include="..\operational_system\operational_system.h">
      <Filter>Header Files\operational_system</Filter>
    </ClInclude>
    <ClInclude Include="..\operational_system\version.h">
      <Filter>Header Files\operational_system</Filter>
    </ClInclude>
    <ClInclude Include="..\operational_system\version_configuration.h">
      <Filter>Header Files\operational_system</Filter>
    </ClInclude>
    <ClInclude Include="..\operational_system\version_cpu.h">
      <Filter>Header Files\operational_system</Filter>
    </ClInclude>
    <ClInclude Include="..\operational_system\cross\win\base_tsd.h">
      <Filter>Header Files</Filter>
    </ClInclude>
    <ClInclude Include="..\operational_system\cross\win\win.h">
      <Filter>Header Files</Filter>
    </ClInclude>
    <ClInclude Include="..\operational_system\cross\win\win_base.h">
      <Filter>Header Files</Filter>
    </ClInclude>
    <ClInclude Include="..\operational_system\cross\win\win_crt.h">
      <Filter>Header Files</Filter>
    </ClInclude>
    <ClInclude Include="..\operational_system\cross\win\win_crtdefs.h">
      <Filter>Header Files</Filter>
    </ClInclude>
    <ClInclude Include="..\operational_system\cross\win\win_def.h">
      <Filter>Header Files</Filter>
    </ClInclude>
    <ClInclude Include="..\operational_system\cross\win\win_errno.h">
      <Filter>Header Files</Filter>
    </ClInclude>
    <ClInclude Include="..\operational_system\cross\win\win_error.h">
      <Filter>Header Files</Filter>
    </ClInclude>
    <ClInclude Include="..\operational_system\cross\win\win_file.h">
      <Filter>Header Files</Filter>
    </ClInclude>
    <ClInclude Include="..\operational_system\cross\win\win_gdi.h">
      <Filter>Header Files</Filter>
    </ClInclude>
    <ClInclude Include="..\operational_system\cross\win\win_mmsystem.h">
      <Filter>Header Files</Filter>
    </ClInclude>
    <ClInclude Include="..\operational_system\cross\win\win_nls.h">
      <Filter>Header Files</Filter>
    </ClInclude>
    <ClInclude Include="..\operational_system\cross\win\win_nt.h">
      <Filter>Header Files</Filter>
    </ClInclude>
    <ClInclude Include="..\operational_system\cross\win\win_user.h">
      <Filter>Header Files</Filter>
    </ClInclude>
    <ClInclude Include="..\operational_system\linux_system.h">
      <Filter>Header Files</Filter>
    </ClInclude>
    <ClInclude Include="..\operational_system\version_linux.h">
      <Filter>Header Files</Filter>
    </ClInclude>
    <ClInclude Include="AfxImpl.H">
      <Filter>Header Files</Filter>
    </ClInclude>
    <ClInclude Include="LinuxShell.h">
      <Filter>Header Files</Filter>
    </ClInclude>
    <ClInclude Include="lnx.h">
      <Filter>Header Files</Filter>
    </ClInclude>
    <ClInclude Include="lnx1.h">
      <Filter>Header Files</Filter>
    </ClInclude>
    <ClInclude Include="LnxFile.h">
      <Filter>Header Files</Filter>
    </ClInclude>
    <ClInclude Include="LnxFileSet.h">
      <Filter>Header Files</Filter>
    </ClInclude>
    <ClInclude Include="LnxFileSystem.h">
      <Filter>Header Files</Filter>
    </ClInclude>
    <ClInclude Include="LnxResource.h">
      <Filter>Header Files</Filter>
    </ClInclude>
    <ClInclude Include="LnxStdioFile.h">
      <Filter>Header Files</Filter>
    </ClInclude>
    <ClInclude Include="lnx_internal.h">
      <Filter>Header Files</Filter>
    </ClInclude>
    <ClInclude Include="osi.h">
      <Filter>Header Files</Filter>
    </ClInclude>
    <ClInclude Include="rgn.h">
      <Filter>Header Files</Filter>
    </ClInclude>
    <ClInclude Include="StdAfx.h">
      <Filter>Header Files</Filter>
    </ClInclude>
  </ItemGroup>
</Project>