<?xml version="1.0" encoding="utf-8"?>
<Project ToolsVersion="4.0" xmlns="http://schemas.microsoft.com/developer/msbuild/2003">
  <ItemGroup>
    <Filter Include="Source Files">
      <UniqueIdentifier>{954ff0ad-f6ee-4de6-9851-289f58de1ba6}</UniqueIdentifier>
      <Extensions>cpp;c;cxx;rc;def;r;odl;idl;hpj;bat</Extensions>
    </Filter>
    <Filter Include="Header Files">
      <UniqueIdentifier>{740b13d3-bf25-4793-a3e0-4d13e3e71c4a}</UniqueIdentifier>
      <Extensions>h;hpp;hxx;hm;inl</Extensions>
    </Filter>
    <Filter Include="External Include">
      <UniqueIdentifier>{4718090b-859b-4c99-b88b-2b479297146a}</UniqueIdentifier>
    </Filter>
    <Filter Include="Header Files\template">
      <UniqueIdentifier>{b02f2645-ac58-4f2a-a210-3f7d7511ffce}</UniqueIdentifier>
    </Filter>
    <Filter Include="Header Files\operational_system">
      <UniqueIdentifier>{319bdce1-9cb8-4190-be41-67f103cc0516}</UniqueIdentifier>
    </Filter>
    <Filter Include="Header Files\operational_system\cross">
      <UniqueIdentifier>{7ba25e46-b0fc-4f42-b1aa-1fc780370353}</UniqueIdentifier>
    </Filter>
    <Filter Include="Header Files\operational_system\cross\general">
      <UniqueIdentifier>{d6be4fad-8c6b-4418-9f9c-e5e66f1f34aa}</UniqueIdentifier>
    </Filter>
    <Filter Include="Header Files\operational_system\cross\linux">
      <UniqueIdentifier>{474232c1-9519-4032-b9c4-25c8d63fddbc}</UniqueIdentifier>
    </Filter>
    <Filter Include="Header Files\operational_system\NewFilter1">
      <UniqueIdentifier>{9c2068ca-7f74-4591-908d-e19f834f4ee3}</UniqueIdentifier>
    </Filter>
    <Filter Include="Header Files\operational_system\cross\win">
      <UniqueIdentifier>{d1a0a613-62e6-4e86-ab7d-94c2b440eeb1}</UniqueIdentifier>
    </Filter>
  </ItemGroup>
  <ItemGroup>
    <ClCompile Include="and_afxabort.cpp">
      <Filter>Source Files</Filter>
    </ClCompile>
    <ClCompile Include="and_afxmem.cpp">
      <Filter>Source Files</Filter>
    </ClCompile>
    <ClCompile Include="and_afxstate.cpp">
      <Filter>Source Files</Filter>
    </ClCompile>
    <ClCompile Include="and_appcore.cpp">
      <Filter>Source Files</Filter>
    </ClCompile>
    <ClCompile Include="and_appinit.cpp">
      <Filter>Source Files</Filter>
    </ClCompile>
    <ClCompile Include="and_application.cpp">
      <Filter>Source Files</Filter>
    </ClCompile>
    <ClCompile Include="and_appmodul.cpp">
      <Filter>Source Files</Filter>
    </ClCompile>
    <ClCompile Include="and_appterm.cpp">
      <Filter>Source Files</Filter>
    </ClCompile>
    <ClCompile Include="and_bitmap.cpp">
      <Filter>Source Files</Filter>
    </ClCompile>
    <ClCompile Include="and_brush.cpp">
      <Filter>Source Files</Filter>
    </ClCompile>
    <ClCompile Include="and_dib.cpp">
      <Filter>Source Files</Filter>
    </ClCompile>
    <ClCompile Include="and_dir.cpp">
      <Filter>Source Files</Filter>
    </ClCompile>
    <ClCompile Include="and_dumpinit.cpp">
      <Filter>Source Files</Filter>
    </ClCompile>
    <ClCompile Include="and_except.cpp">
      <Filter>Source Files</Filter>
    </ClCompile>
    <ClCompile Include="and_factory_exchange.cpp">
      <Filter>Source Files</Filter>
    </ClCompile>
    <ClCompile Include="and_folder_watch.cpp">
      <Filter>Source Files</Filter>
    </ClCompile>
    <ClCompile Include="and_font.cpp">
      <Filter>Source Files</Filter>
    </ClCompile>
    <ClCompile Include="and_resource.cpp">
      <Filter>Source Files</Filter>
    </ClCompile>
    <ClCompile Include="and_graphics.cpp">
      <Filter>Source Files</Filter>
    </ClCompile>
    <ClCompile Include="and_graphics_object.cpp">
      <Filter>Source Files</Filter>
    </ClCompile>
    <ClCompile Include="and_handle.cpp">
      <Filter>Source Files</Filter>
    </ClCompile>
    <ClCompile Include="and_ip_enum.cpp">
      <Filter>Source Files</Filter>
    </ClCompile>
    <ClCompile Include="and_shell.cpp">
      <Filter>Source Files</Filter>
    </ClCompile>
    <ClCompile Include="and.cpp">
      <Filter>Source Files</Filter>
    </ClCompile>
    <ClCompile Include="and1.cpp">
      <Filter>Source Files</Filter>
    </ClCompile>
    <ClCompile Include="and2.cpp">
      <Filter>Source Files</Filter>
    </ClCompile>
    <ClCompile Include="and_error.cpp">
      <Filter>Source Files</Filter>
    </ClCompile>
    <ClCompile Include="and_file.cpp">
      <Filter>Source Files</Filter>
    </ClCompile>
    <ClCompile Include="and_file_set.cpp">
      <Filter>Source Files</Filter>
    </ClCompile>
    <ClCompile Include="and_file_system.cpp">
      <Filter>Source Files</Filter>
    </ClCompile>
    <ClCompile Include="and_stdio_file.cpp">
      <Filter>Source Files</Filter>
    </ClCompile>
    <ClCompile Include="and_main.cpp">
      <Filter>Source Files</Filter>
    </ClCompile>
    <ClCompile Include="and_os.cpp">
      <Filter>Source Files</Filter>
    </ClCompile>
    <ClCompile Include="and_palette.cpp">
      <Filter>Source Files</Filter>
    </ClCompile>
    <ClCompile Include="and_pen.cpp">
      <Filter>Source Files</Filter>
    </ClCompile>
    <ClCompile Include="and_port_forward.cpp">
      <Filter>Source Files</Filter>
    </ClCompile>
    <ClCompile Include="and_preview_dc.cpp">
      <Filter>Source Files</Filter>
    </ClCompile>
    <ClCompile Include="and_region.cpp">
      <Filter>Source Files</Filter>
    </ClCompile>
    <ClCompile Include="framework.cpp">
      <Filter>Source Files</Filter>
    </ClCompile>
    <ClCompile Include="and_thread.cpp">
      <Filter>Source Files</Filter>
    </ClCompile>
    <ClCompile Include="and_thread_local_storage.cpp">
      <Filter>Source Files</Filter>
    </ClCompile>
    <ClCompile Include="and_trace.cpp">
      <Filter>Source Files</Filter>
    </ClCompile>
    <ClCompile Include="and_util.cpp">
      <Filter>Source Files</Filter>
    </ClCompile>
    <ClCompile Include="and_wfile_find.cpp">
      <Filter>Source Files</Filter>
    </ClCompile>
    <ClCompile Include="and_window.cpp">
      <Filter>Source Files</Filter>
    </ClCompile>
    <ClCompile Include="and_window_draw.cpp">
      <Filter>Source Files</Filter>
    </ClCompile>
  </ItemGroup>
  <ItemGroup>
    <ClInclude Include="..\include\win.h">
      <Filter>External Include</Filter>
    </ClInclude>
    <ClInclude Include="..\include\win32_system.h">
      <Filter>External Include</Filter>
    </ClInclude>
    <ClInclude Include="..\operational_system\_.h">
      <Filter>Header Files\operational_system</Filter>
    </ClInclude>
    <ClInclude Include="..\operational_system\bare_operational_system.h">
      <Filter>Header Files\operational_system</Filter>
    </ClInclude>
    <ClInclude Include="..\operational_system\get_platform.h">
      <Filter>Header Files\operational_system</Filter>
    </ClInclude>
    <ClInclude Include="..\operational_system\operational_system.h">
      <Filter>Header Files\operational_system</Filter>
    </ClInclude>
    <ClInclude Include="..\operational_system\version.h">
      <Filter>Header Files\operational_system</Filter>
    </ClInclude>
    <ClInclude Include="..\operational_system\version_configuration.h">
      <Filter>Header Files\operational_system</Filter>
    </ClInclude>
    <ClInclude Include="..\operational_system\version_cpu.h">
      <Filter>Header Files\operational_system</Filter>
    </ClInclude>
    <ClInclude Include="..\operational_system\_c.h">
      <Filter>Header Files\operational_system</Filter>
    </ClInclude>
    <ClInclude Include="..\operational_system\_ca.h">
      <Filter>Header Files\operational_system</Filter>
    </ClInclude>
    <ClInclude Include="and_afximpl.h">
      <Filter>Header Files</Filter>
    </ClInclude>
    <ClInclude Include="and_application.h">
      <Filter>Header Files</Filter>
    </ClInclude>
    <ClInclude Include="and_bitmap.h">
      <Filter>Header Files</Filter>
    </ClInclude>
    <ClInclude Include="and_brush.h">
      <Filter>Header Files</Filter>
    </ClInclude>
    <ClInclude Include="and_dib.h">
      <Filter>Header Files</Filter>
    </ClInclude>
    <ClInclude Include="and_dir.h">
      <Filter>Header Files</Filter>
    </ClInclude>
    <ClInclude Include="and_factory_exchange.h">
      <Filter>Header Files</Filter>
    </ClInclude>
    <ClInclude Include="and_folder_watch.h">
      <Filter>Header Files</Filter>
    </ClInclude>
    <ClInclude Include="and_font.h">
      <Filter>Header Files</Filter>
    </ClInclude>
    <ClInclude Include="and_gen_1.h">
      <Filter>Header Files</Filter>
    </ClInclude>
    <ClInclude Include="and_graphics.h">
      <Filter>Header Files</Filter>
    </ClInclude>
    <ClInclude Include="and_graphics_object.h">
      <Filter>Header Files</Filter>
    </ClInclude>
    <ClInclude Include="and_handle.h">
      <Filter>Header Files</Filter>
    </ClInclude>
    <ClInclude Include="and_implementation.h">
      <Filter>Header Files</Filter>
    </ClInclude>
    <ClInclude Include="and_ip_enum.h">
      <Filter>Header Files</Filter>
    </ClInclude>
    <ClInclude Include="and_shell.h">
      <Filter>Header Files</Filter>
    </ClInclude>
    <ClInclude Include="and.h">
      <Filter>Header Files</Filter>
    </ClInclude>
    <ClInclude Include="and1.h">
      <Filter>Header Files</Filter>
    </ClInclude>
    <ClInclude Include="and_internal.h">
      <Filter>Header Files</Filter>
    </ClInclude>
    <ClInclude Include="and_file.h">
      <Filter>Header Files</Filter>
    </ClInclude>
    <ClInclude Include="and_file_set.h">
      <Filter>Header Files</Filter>
    </ClInclude>
    <ClInclude Include="and_file_system.h">
      <Filter>Header Files</Filter>
    </ClInclude>
    <ClInclude Include="and_resource.h">
      <Filter>Header Files</Filter>
    </ClInclude>
    <ClInclude Include="and_stdio_file.h">
      <Filter>Header Files</Filter>
    </ClInclude>
    <ClInclude Include="and_os.h">
      <Filter>Header Files</Filter>
    </ClInclude>
    <ClInclude Include="and_palette.h">
      <Filter>Header Files</Filter>
    </ClInclude>
    <ClInclude Include="and_pen.h">
      <Filter>Header Files</Filter>
    </ClInclude>
    <ClInclude Include="and_port_forward.h">
      <Filter>Header Files</Filter>
    </ClInclude>
    <ClInclude Include="and_region.h">
      <Filter>Header Files</Filter>
    </ClInclude>
    <ClInclude Include="and_state.h">
      <Filter>Header Files</Filter>
    </ClInclude>
    <ClInclude Include="framework.h">
      <Filter>Header Files</Filter>
    </ClInclude>
    <ClInclude Include="and_thread.h">
      <Filter>Header Files</Filter>
    </ClInclude>
    <ClInclude Include="and_thread_slots.h">
      <Filter>Header Files</Filter>
    </ClInclude>
    <ClInclude Include="..\operational_system\version_linux.h">
      <Filter>Header Files\operational_system</Filter>
    </ClInclude>
    <ClInclude Include="and_file_find.h">
      <Filter>Header Files</Filter>
    </ClInclude>
    <ClInclude Include="..\operational_system\cross\win\win.h">
      <Filter>Header Files\operational_system\cross\win</Filter>
    </ClInclude>
    <ClInclude Include="..\operational_system\cross\win\win_base.h">
      <Filter>Header Files\operational_system\cross\win</Filter>
    </ClInclude>
    <ClInclude Include="..\operational_system\cross\win\win_crt.h">
      <Filter>Header Files\operational_system\cross\win</Filter>
    </ClInclude>
    <ClInclude Include="..\operational_system\cross\win\win_crtdefs.h">
      <Filter>Header Files\operational_system\cross\win</Filter>
    </ClInclude>
    <ClInclude Include="..\operational_system\cross\win\win_def.h">
      <Filter>Header Files\operational_system\cross\win</Filter>
    </ClInclude>
    <ClInclude Include="..\operational_system\cross\win\win_errno.h">
      <Filter>Header Files\operational_system\cross\win</Filter>
    </ClInclude>
    <ClInclude Include="..\operational_system\cross\win\win_error.h">
      <Filter>Header Files\operational_system\cross\win</Filter>
    </ClInclude>
    <ClInclude Include="..\operational_system\cross\win\win_file.h">
      <Filter>Header Files\operational_system\cross\win</Filter>
    </ClInclude>
    <ClInclude Include="..\operational_system\cross\win\win_gdi.h">
      <Filter>Header Files\operational_system\cross\win</Filter>
    </ClInclude>
    <ClInclude Include="..\operational_system\cross\win\win_mmsystem.h">
      <Filter>Header Files\operational_system\cross\win</Filter>
    </ClInclude>
    <ClInclude Include="..\operational_system\cross\win\win_nls.h">
      <Filter>Header Files\operational_system\cross\win</Filter>
    </ClInclude>
    <ClInclude Include="..\operational_system\cross\win\win_nt.h">
      <Filter>Header Files\operational_system\cross\win</Filter>
    </ClInclude>
    <ClInclude Include="..\operational_system\cross\win\win_user.h">
      <Filter>Header Files\operational_system\cross\win</Filter>
    </ClInclude>
    <ClInclude Include="..\operational_system\cross\win\win_base_tsd.h">
      <Filter>Header Files\operational_system\cross\win</Filter>
    </ClInclude>
    <ClInclude Include="and_window.h">
      <Filter>Header Files</Filter>
    </ClInclude>
    <ClInclude Include="and_window_draw.h">
      <Filter>Header Files</Filter>
    </ClInclude>
    <ClInclude Include="..\operational_system\oswindow.h">
      <Filter>Header Files\operational_system</Filter>
    </ClInclude>
    <ClInclude Include="..\operational_system\android_system.h">
      <Filter>Header Files\operational_system</Filter>
    </ClInclude>
  </ItemGroup>
</Project>