<?xml version="1.0" encoding="utf-8"?>
<Project ToolsVersion="4.0" xmlns="http://schemas.microsoft.com/developer/msbuild/2003">
  <ItemGroup>
    <ClCompile Include="app.cpp" />
    <ClCompile Include="view.cpp" />
  </ItemGroup>
  <ItemGroup>
    <Filter Include="Library">
      <UniqueIdentifier>{4d93baa7-a66a-4472-8793-e7d04353b8be}</UniqueIdentifier>
    </Filter>
  </ItemGroup>
  <ItemGroup>
    <CustomBuild Include="..\..\..\stage\x86\basis\libapp_core_hellomultiverse.so">
      <Filter>Library</Filter>
    </CustomBuild>
    <CustomBuild Include="..\..\..\stage\x86\basis\libaqua.so">
      <Filter>Library</Filter>
    </CustomBuild>
    <CustomBuild Include="..\..\..\stage\x86\basis\libatomiconv.so">
      <Filter>Library</Filter>
    </CustomBuild>
    <CustomBuild Include="..\..\..\stage\x86\basis\libaura.so">
      <Filter>Library</Filter>
    </CustomBuild>
    <CustomBuild Include="..\..\..\stage\x86\basis\libauracharguess.so">
      <Filter>Library</Filter>
    </CustomBuild>
    <CustomBuild Include="..\..\..\stage\x86\basis\libaurasqlite.so">
      <Filter>Library</Filter>
    </CustomBuild>
    <CustomBuild Include="..\..\..\stage\x86\basis\libaxis.so">
      <Filter>Library</Filter>
    </CustomBuild>
    <CustomBuild Include="..\..\..\stage\x86\basis\libaxisbzip2.so">
      <Filter>Library</Filter>
    </CustomBuild>
    <CustomBuild Include="..\..\..\stage\x86\basis\libaxiscairo.so">
      <Filter>Library</Filter>
    </CustomBuild>
    <CustomBuild Include="..\..\..\stage\x86\basis\libaxiscrypto.so">
      <Filter>Library</Filter>
    </CustomBuild>
    <CustomBuild Include="..\..\..\stage\x86\basis\libaxisfreeimage.so">
      <Filter>Library</Filter>
    </CustomBuild>
    <CustomBuild Include="..\..\..\stage\x86\basis\libaxisfreetype.so">
      <Filter>Library</Filter>
    </CustomBuild>
    <CustomBuild Include="..\..\..\stage\x86\basis\libaxisidn.so">
      <Filter>Library</Filter>
    </CustomBuild>
    <CustomBuild Include="..\..\..\stage\x86\basis\libaxisjpeg.so">
      <Filter>Library</Filter>
    </CustomBuild>
    <CustomBuild Include="..\..\..\stage\x86\basis\libaxisopenssl.so">
      <Filter>Library</Filter>
    </CustomBuild>
    <CustomBuild Include="..\..\..\stage\x86\basis\libaxispixman.so">
      <Filter>Library</Filter>
    </CustomBuild>
    <CustomBuild Include="..\..\..\stage\x86\basis\libaxispng.so">
      <Filter>Library</Filter>
    </CustomBuild>
    <CustomBuild Include="..\..\..\stage\x86\basis\libaxiszlib.so">
      <Filter>Library</Filter>
    </CustomBuild>
    <CustomBuild Include="..\..\..\stage\x86\basis\libbase.so">
      <Filter>Library</Filter>
    </CustomBuild>
    <CustomBuild Include="..\..\..\stage\x86\basis\libcore.so">
      <Filter>Library</Filter>
    </CustomBuild>
    <CustomBuild Include="..\..\..\stage\x86\basis\libdraw2d_cairo.so">
      <Filter>Library</Filter>
    </CustomBuild>
    <CustomBuild Include="..\..\..\stage\x86\basis\liblauncher.so">
      <Filter>Library</Filter>
    </CustomBuild>
    <CustomBuild Include="..\..\..\stage\x86\basis\libwndfrm_core.so">
      <Filter>Library</Filter>
    </CustomBuild>
  </ItemGroup>
</Project>